{
  "version": 4,
  "terraform_version": "1.14.4",
  "serial": 93,
  "lineage": "2c3dace5-714e-ad4b-9a72-0eb1ede9f1b3",
  "outputs": {
    "analytics_s3_bucket": {
      "value": "credresolve-analytics-data",
      "type": "string"
    },
    "athena_results_bucket": {
      "value": "credresolve-athena-results",
      "type": "string"
    },
    "athena_workgroup": {
      "value": "credresolve-workgroup",
      "type": "string"
    },
    "glue_crawler_name": {
      "value": "credresolve-analytics-crawler",
      "type": "string"
    },
    "private_subnet_id": {
      "value": "subnet-0e090b9b241545327",
      "type": "string"
    },
    "public_subnet_id": {
      "value": "subnet-0a42a89b13007230f",
      "type": "string"
    },
    "redis_prod_endpoint": {
      "value": "credresolve-redis-prod.tzx96c.ng.0001.aps1.cache.amazonaws.com",
      "type": "string"
    },
    "redis_stage_endpoint": {
      "value": "credresolve-redis-stage.tzx96c.ng.0001.aps1.cache.amazonaws.com",
      "type": "string"
    },
    "vpc_id": {
      "value": "vpc-02905bfe96a3b75ad",
      "type": "string"
    },
    "vpn_gateway_id": {
      "value": "vgw-07171e3d2483628e4",
      "type": "string"
    }
  },
  "resources": [
    {
      "mode": "data",
      "type": "aws_ami",
      "name": "ubuntu",
      "provider": "provider[\"registry.terraform.io/hashicorp/aws\"]",
      "instances": [
        {
          "schema_version": 0,
          "attributes": {
            "architecture": "x86_64",
            "arn": "arn:aws:ec2:ap-south-1::image/ami-07216ac99dc46a187",
            "block_device_mappings": [
              {
                "device_name": "/dev/sda1",
                "ebs": {
                  "delete_on_termination": "true",
                  "encrypted": "false",
                  "iops": "0",
                  "snapshot_id": "snap-057bb958ae3c2e6a4",
                  "throughput": "0",
                  "volume_initialization_rate": "0",
                  "volume_size": "8",
                  "volume_type": "gp2"
                },
                "no_device": "",
                "virtual_name": ""
              },
              {
                "device_name": "/dev/sdb",
                "ebs": {},
                "no_device": "",
                "virtual_name": "ephemeral0"
              },
              {
                "device_name": "/dev/sdc",
                "ebs": {},
                "no_device": "",
                "virtual_name": "ephemeral1"
              }
            ],
            "boot_mode": "uefi-preferred",
            "creation_date": "2026-02-18T06:49:44.000Z",
            "deprecation_time": "2028-02-18T06:49:44.000Z",
            "description": "Canonical, Ubuntu, 22.04, amd64 jammy image",
            "ena_support": true,
            "executable_users": null,
            "filter": [
              {
                "name": "name",
                "values": [
                  "ubuntu/images/hvm-ssd/ubuntu-jammy-22.04-amd64-server-*"
                ]
              },
              {
                "name": "virtualization-type",
                "values": [
                  "hvm"
                ]
              }
            ],
            "hypervisor": "xen",
            "id": "ami-07216ac99dc46a187",
            "image_id": "ami-07216ac99dc46a187",
            "image_location": "amazon/ubuntu/images/hvm-ssd/ubuntu-jammy-22.04-amd64-server-20260218",
            "image_owner_alias": "amazon",
            "image_type": "machine",
            "imds_support": "",
            "include_deprecated": false,
            "kernel_id": "",
            "last_launched_time": "",
            "most_recent": true,
            "name": "ubuntu/images/hvm-ssd/ubuntu-jammy-22.04-amd64-server-20260218",
            "name_regex": null,
            "owner_id": "099720109477",
            "owners": [
              "099720109477"
            ],
            "platform": "",
            "platform_details": "Linux/UNIX",
            "product_codes": [],
            "public": true,
            "ramdisk_id": "",
            "root_device_name": "/dev/sda1",
            "root_device_type": "ebs",
            "root_snapshot_id": "snap-057bb958ae3c2e6a4",
            "sriov_net_support": "simple",
            "state": "available",
            "state_reason": {
              "code": "UNSET",
              "message": "UNSET"
            },
            "tags": {},
            "timeouts": null,
            "tpm_support": "",
            "uefi_data": null,
            "usage_operation": "RunInstances",
            "virtualization_type": "hvm"
          },
          "sensitive_attributes": [],
          "identity_schema_version": 0
        }
      ]
    },
    {
      "mode": "managed",
      "type": "aws_athena_workgroup",
      "name": "main",
      "provider": "provider[\"registry.terraform.io/hashicorp/aws\"]",
      "instances": [
        {
          "schema_version": 0,
          "attributes": {
            "arn": "arn:aws:athena:ap-south-1:975894387333:workgroup/credresolve-workgroup",
            "configuration": [
              {
                "bytes_scanned_cutoff_per_query": 0,
                "enforce_workgroup_configuration": true,
                "engine_version": [
                  {
                    "effective_engine_version": "Athena engine version 3",
                    "selected_engine_version": "AUTO"
                  }
                ],
                "execution_role": "",
                "publish_cloudwatch_metrics_enabled": true,
                "requester_pays_enabled": false,
                "result_configuration": [
                  {
                    "acl_configuration": [],
                    "encryption_configuration": [
                      {
                        "encryption_option": "SSE_S3",
                        "kms_key_arn": ""
                      }
                    ],
                    "expected_bucket_owner": "",
                    "output_location": "s3://credresolve-athena-results/query-results/"
                  }
                ]
              }
            ],
            "description": "Credresolve analytics workgroup - replaces BigQuery",
            "force_destroy": false,
            "id": "credresolve-workgroup",
            "name": "credresolve-workgroup",
            "state": "ENABLED",
            "tags": {
              "Project": "credresolve"
            },
            "tags_all": {
              "Project": "credresolve"
            }
          },
          "sensitive_attributes": [],
          "identity_schema_version": 0,
          "private": "bnVsbA==",
          "dependencies": [
            "aws_s3_bucket.athena_results"
          ]
        }
      ]
    },
    {
      "mode": "managed",
      "type": "aws_db_parameter_group",
      "name": "postgres14",
      "provider": "provider[\"registry.terraform.io/hashicorp/aws\"]",
      "instances": [
        {
          "schema_version": 0,
          "attributes": {
            "arn": "arn:aws:rds:ap-south-1:975894387333:pg:credresolve-postgres14-params",
            "description": "Managed by Terraform",
            "family": "postgres14",
            "id": "credresolve-postgres14-params",
            "name": "credresolve-postgres14-params",
            "name_prefix": "",
            "parameter": [
              {
                "apply_method": "pending-reboot",
                "name": "rds.logical_replication",
                "value": "1"
              },
              {
                "apply_method": "pending-reboot",
                "name": "wal_sender_timeout",
                "value": "0"
              }
            ],
            "skip_destroy": false,
            "tags": {
              "Project": "credresolve"
            },
            "tags_all": {
              "Project": "credresolve"
            }
          },
          "sensitive_attributes": [],
          "identity_schema_version": 0,
          "private": "bnVsbA=="
        }
      ]
    },
    {
      "mode": "managed",
      "type": "aws_db_subnet_group",
      "name": "main",
      "provider": "provider[\"registry.terraform.io/hashicorp/aws\"]",
      "instances": [
        {
          "schema_version": 0,
          "attributes": {
            "arn": "arn:aws:rds:ap-south-1:975894387333:subgrp:credresolve-db-subnet-group",
            "description": "Managed by Terraform",
            "id": "credresolve-db-subnet-group",
            "name": "credresolve-db-subnet-group",
            "name_prefix": "",
            "subnet_ids": [
              "subnet-0e090b9b241545327",
              "subnet-0fa1d8bb34a1a7d60"
            ],
            "supported_network_types": [
              "IPV4"
            ],
            "tags": {
              "Name": "credresolve-db-subnet-group",
              "Project": "credresolve"
            },
            "tags_all": {
              "Name": "credresolve-db-subnet-group",
              "Project": "credresolve"
            },
            "vpc_id": "vpc-02905bfe96a3b75ad"
          },
          "sensitive_attributes": [],
          "identity_schema_version": 0,
          "private": "bnVsbA==",
          "dependencies": [
            "aws_subnet.private",
            "aws_subnet.private_az2",
            "aws_vpc.main"
          ]
        }
      ]
    },
    {
      "mode": "managed",
      "type": "aws_dms_endpoint",
      "name": "analytics_s3_target",
      "provider": "provider[\"registry.terraform.io/hashicorp/aws\"]",
      "instances": [
        {
          "schema_version": 0,
          "attributes": {
            "certificate_arn": "",
            "database_name": null,
            "elasticsearch_settings": [],
            "endpoint_arn": "arn:aws:dms:ap-south-1:975894387333:endpoint:I6LEIBSIQ5EMFPB6DTEBUOXARA",
            "endpoint_id": "analytics-s3-target",
            "endpoint_type": "target",
            "engine_name": "s3",
            "extra_connection_attributes": "bucketFolder=dms-exports;bucketName=credresolve-analytics-data;compressionType=GZIP;csvDelimiter=,;csvRowDelimiter=\\n;datePartitionDelimiter=SLASH;datePartitionEnabled=false;datePartitionSequence=YYYYMMDD;",
            "id": "analytics-s3-target",
            "kafka_settings": [],
            "kinesis_settings": [],
            "kms_key_arn": "",
            "mongodb_settings": [],
            "password": null,
            "pause_replication_tasks": null,
            "port": null,
            "postgres_settings": [],
            "redis_settings": [],
            "redshift_settings": null,
            "s3_settings": [
              {
                "add_column_name": false,
                "bucket_folder": "dms-exports",
                "bucket_name": "credresolve-analytics-data",
                "canned_acl_for_objects": "none",
                "cdc_inserts_and_updates": false,
                "cdc_inserts_only": false,
                "cdc_max_batch_interval": 60,
                "cdc_min_file_size": 32000,
                "cdc_path": "",
                "compression_type": "GZIP",
                "csv_delimiter": ",",
                "csv_no_sup_value": "",
                "csv_null_value": "NULL",
                "csv_row_delimiter": "\\n",
                "data_format": "parquet",
                "data_page_size": 1048576,
                "date_partition_delimiter": "slash",
                "date_partition_enabled": false,
                "date_partition_sequence": "yyyymmdd",
                "dict_page_size_limit": 1048576,
                "enable_statistics": true,
                "encoding_type": "rle-dictionary",
                "encryption_mode": "SSE_S3",
                "external_table_definition": "",
                "glue_catalog_generation": false,
                "ignore_header_rows": 0,
                "include_op_for_full_load": false,
                "max_file_size": 1048576,
                "parquet_timestamp_in_millisecond": false,
                "parquet_version": "parquet-1-0",
                "preserve_transactions": false,
                "rfc_4180": true,
                "row_group_length": 10000,
                "server_side_encryption_kms_key_id": "",
                "service_access_role_arn": "arn:aws:iam::975894387333:role/credresolve-dms-role",
                "timestamp_column_name": "migrated_at",
                "use_csv_no_sup_value": false,
                "use_task_start_time_for_full_load_timestamp": false
              }
            ],
            "secrets_manager_access_role_arn": null,
            "secrets_manager_arn": null,
            "server_name": null,
            "service_access_role": null,
            "ssl_mode": "none",
            "tags": {
              "Project": "credresolve"
            },
            "tags_all": {
              "Project": "credresolve"
            },
            "timeouts": null,
            "username": null
          },
          "sensitive_attributes": [
            [
              {
                "type": "get_attr",
                "value": "password"
              }
            ]
          ],
          "identity_schema_version": 0,
          "private": "eyJlMmJmYjczMC1lY2FhLTExZTYtOGY4OC0zNDM2M2JjN2M0YzAiOnsiY3JlYXRlIjozMDAwMDAwMDAwMDAsImRlbGV0ZSI6NjAwMDAwMDAwMDAwfX0=",
          "dependencies": [
            "aws_iam_role.dms",
            "aws_s3_bucket.analytics"
          ]
        }
      ]
    },
    {
      "mode": "managed",
      "type": "aws_dms_endpoint",
      "name": "communication_prod_source",
      "provider": "provider[\"registry.terraform.io/hashicorp/aws\"]",
      "instances": [
        {
          "schema_version": 0,
          "attributes": {
            "certificate_arn": "",
            "database_name": "postgres",
            "elasticsearch_settings": [],
            "endpoint_arn": "arn:aws:dms:ap-south-1:975894387333:endpoint:VMFHAYWKQNFZFBLB3VGOP7RMWI",
            "endpoint_id": "communication-prod-source",
            "endpoint_type": "source",
            "engine_name": "postgres",
            "extra_connection_attributes": "pluginName=pglogical;heartbeatFrequency=1",
            "id": "communication-prod-source",
            "kafka_settings": [],
            "kinesis_settings": [],
            "kms_key_arn": "arn:aws:kms:ap-south-1:975894387333:key/4889a426-eae1-40a7-a093-0e096d2556f5",
            "mongodb_settings": [],
            "password": "DmsSecure@2024",
            "pause_replication_tasks": null,
            "port": 5432,
            "postgres_settings": [
              {
                "after_connect_script": "",
                "babelfish_database_name": "",
                "capture_ddls": false,
                "database_mode": "",
                "ddl_artifacts_schema": "",
                "execute_timeout": 0,
                "fail_tasks_on_lob_truncation": false,
                "heartbeat_enable": false,
                "heartbeat_frequency": 0,
                "heartbeat_schema": "",
                "map_boolean_as_boolean": false,
                "map_jsonb_as_clob": false,
                "map_long_varchar_as": "",
                "max_file_size": 0,
                "plugin_name": "",
                "slot_name": ""
              }
            ],
            "redis_settings": [],
            "redshift_settings": [],
            "s3_settings": [],
            "secrets_manager_access_role_arn": "",
            "secrets_manager_arn": "",
            "server_name": "10.1.2.4",
            "service_access_role": null,
            "ssl_mode": "none",
            "tags": {
              "Project": "credresolve"
            },
            "tags_all": {
              "Project": "credresolve"
            },
            "timeouts": null,
            "username": "dms_user"
          },
          "sensitive_attributes": [
            [
              {
                "type": "get_attr",
                "value": "password"
              }
            ]
          ],
          "identity_schema_version": 0,
          "private": "eyJlMmJmYjczMC1lY2FhLTExZTYtOGY4OC0zNDM2M2JjN2M0YzAiOnsiY3JlYXRlIjozMDAwMDAwMDAwMDAsImRlbGV0ZSI6NjAwMDAwMDAwMDAwfX0="
        }
      ]
    },
    {
      "mode": "managed",
      "type": "aws_dms_endpoint",
      "name": "credresolve_analytics_source",
      "provider": "provider[\"registry.terraform.io/hashicorp/aws\"]",
      "instances": [
        {
          "schema_version": 0,
          "attributes": {
            "certificate_arn": "",
            "database_name": "postgres",
            "elasticsearch_settings": [],
            "endpoint_arn": "arn:aws:dms:ap-south-1:975894387333:endpoint:UM7HJ33YHFHT3GMX3JAXQHWWQY",
            "endpoint_id": "credresolve-analytics-source",
            "endpoint_type": "source",
            "engine_name": "postgres",
            "extra_connection_attributes": "pluginName=pglogical;heartbeatFrequency=1",
            "id": "credresolve-analytics-source",
            "kafka_settings": [],
            "kinesis_settings": [],
            "kms_key_arn": "arn:aws:kms:ap-south-1:975894387333:key/4889a426-eae1-40a7-a093-0e096d2556f5",
            "mongodb_settings": [],
            "password": "DmsSecure@2024",
            "pause_replication_tasks": null,
            "port": 5432,
            "postgres_settings": [
              {
                "after_connect_script": "",
                "babelfish_database_name": "",
                "capture_ddls": false,
                "database_mode": "",
                "ddl_artifacts_schema": "",
                "execute_timeout": 0,
                "fail_tasks_on_lob_truncation": false,
                "heartbeat_enable": false,
                "heartbeat_frequency": 0,
                "heartbeat_schema": "",
                "map_boolean_as_boolean": false,
                "map_jsonb_as_clob": false,
                "map_long_varchar_as": "",
                "max_file_size": 0,
                "plugin_name": "",
                "slot_name": ""
              }
            ],
            "redis_settings": [],
            "redshift_settings": [],
            "s3_settings": [],
            "secrets_manager_access_role_arn": "",
            "secrets_manager_arn": "",
            "server_name": "10.1.2.3",
            "service_access_role": null,
            "ssl_mode": "none",
            "tags": {
              "Project": "credresolve"
            },
            "tags_all": {
              "Project": "credresolve"
            },
            "timeouts": null,
            "username": "dms_user"
          },
          "sensitive_attributes": [
            [
              {
                "type": "get_attr",
                "value": "password"
              }
            ]
          ],
          "identity_schema_version": 0,
          "private": "eyJlMmJmYjczMC1lY2FhLTExZTYtOGY4OC0zNDM2M2JjN2M0YzAiOnsiY3JlYXRlIjozMDAwMDAwMDAwMDAsImRlbGV0ZSI6NjAwMDAwMDAwMDAwfX0="
        }
      ]
    },
    {
      "mode": "managed",
      "type": "aws_dms_endpoint",
      "name": "credresolve_tiny_source",
      "provider": "provider[\"registry.terraform.io/hashicorp/aws\"]",
      "instances": [
        {
          "schema_version": 0,
          "attributes": {
            "certificate_arn": "",
            "database_name": "postgres",
            "elasticsearch_settings": [],
            "endpoint_arn": "arn:aws:dms:ap-south-1:975894387333:endpoint:AST37L7BENEOHOEARKUHB4DPBU",
            "endpoint_id": "credresolve-tiny-source",
            "endpoint_type": "source",
            "engine_name": "postgres",
            "extra_connection_attributes": "pluginName=pglogical;heartbeatFrequency=1",
            "id": "credresolve-tiny-source",
            "kafka_settings": [],
            "kinesis_settings": [],
            "kms_key_arn": "arn:aws:kms:ap-south-1:975894387333:key/4889a426-eae1-40a7-a093-0e096d2556f5",
            "mongodb_settings": [],
            "password": "DmsSecure@2024",
            "pause_replication_tasks": null,
            "port": 5432,
            "postgres_settings": [
              {
                "after_connect_script": "",
                "babelfish_database_name": "",
                "capture_ddls": false,
                "database_mode": "",
                "ddl_artifacts_schema": "",
                "execute_timeout": 0,
                "fail_tasks_on_lob_truncation": false,
                "heartbeat_enable": false,
                "heartbeat_frequency": 0,
                "heartbeat_schema": "",
                "map_boolean_as_boolean": false,
                "map_jsonb_as_clob": false,
                "map_long_varchar_as": "",
                "max_file_size": 0,
                "plugin_name": "",
                "slot_name": ""
              }
            ],
            "redis_settings": [],
            "redshift_settings": [],
            "s3_settings": [],
            "secrets_manager_access_role_arn": "",
            "secrets_manager_arn": "",
            "server_name": "10.1.2.5",
            "service_access_role": null,
            "ssl_mode": "none",
            "tags": {
              "Project": "credresolve"
            },
            "tags_all": {
              "Project": "credresolve"
            },
            "timeouts": null,
            "username": "dms_user"
          },
          "sensitive_attributes": [
            [
              {
                "type": "get_attr",
                "value": "password"
              }
            ]
          ],
          "identity_schema_version": 0,
          "private": "eyJlMmJmYjczMC1lY2FhLTExZTYtOGY4OC0zNDM2M2JjN2M0YzAiOnsiY3JlYXRlIjozMDAwMDAwMDAwMDAsImRlbGV0ZSI6NjAwMDAwMDAwMDAwfX0="
        }
      ]
    },
    {
      "mode": "managed",
      "type": "aws_dms_endpoint",
      "name": "naadh_prod_source",
      "provider": "provider[\"registry.terraform.io/hashicorp/aws\"]",
      "instances": [
        {
          "schema_version": 0,
          "attributes": {
            "certificate_arn": "",
            "database_name": "postgres",
            "elasticsearch_settings": [],
            "endpoint_arn": "arn:aws:dms:ap-south-1:975894387333:endpoint:7DAYNXT545EQBBWOR4O5LWPTOE",
            "endpoint_id": "naadh-prod-source",
            "endpoint_type": "source",
            "engine_name": "postgres",
            "extra_connection_attributes": "pluginName=pglogical;heartbeatFrequency=1",
            "id": "naadh-prod-source",
            "kafka_settings": [],
            "kinesis_settings": [],
            "kms_key_arn": "arn:aws:kms:ap-south-1:975894387333:key/4889a426-eae1-40a7-a093-0e096d2556f5",
            "mongodb_settings": [],
            "password": "DmsSecure@2024",
            "pause_replication_tasks": null,
            "port": 5432,
            "postgres_settings": [
              {
                "after_connect_script": "",
                "babelfish_database_name": "",
                "capture_ddls": false,
                "database_mode": "",
                "ddl_artifacts_schema": "",
                "execute_timeout": 0,
                "fail_tasks_on_lob_truncation": false,
                "heartbeat_enable": false,
                "heartbeat_frequency": 0,
                "heartbeat_schema": "",
                "map_boolean_as_boolean": false,
                "map_jsonb_as_clob": false,
                "map_long_varchar_as": "",
                "max_file_size": 0,
                "plugin_name": "",
                "slot_name": ""
              }
            ],
            "redis_settings": [],
            "redshift_settings": [],
            "s3_settings": [],
            "secrets_manager_access_role_arn": "",
            "secrets_manager_arn": "",
            "server_name": "10.1.2.9",
            "service_access_role": null,
            "ssl_mode": "none",
            "tags": {
              "Project": "credresolve"
            },
            "tags_all": {
              "Project": "credresolve"
            },
            "timeouts": null,
            "username": "dms_user"
          },
          "sensitive_attributes": [
            [
              {
                "type": "get_attr",
                "value": "password"
              }
            ]
          ],
          "identity_schema_version": 0,
          "private": "eyJlMmJmYjczMC1lY2FhLTExZTYtOGY4OC0zNDM2M2JjN2M0YzAiOnsiY3JlYXRlIjozMDAwMDAwMDAwMDAsImRlbGV0ZSI6NjAwMDAwMDAwMDAwfX0="
        }
      ]
    },
    {
      "mode": "managed",
      "type": "aws_eip",
      "name": "nat",
      "provider": "provider[\"registry.terraform.io/hashicorp/aws\"]",
      "instances": [
        {
          "schema_version": 0,
          "attributes": {
            "address": null,
            "allocation_id": "eipalloc-0387e8ec6a366c587",
            "arn": "arn:aws:ec2:ap-south-1:975894387333:elastic-ip/eipalloc-0387e8ec6a366c587",
            "associate_with_private_ip": null,
            "association_id": "eipassoc-025434f58db9f1f92",
            "carrier_ip": "",
            "customer_owned_ip": "",
            "customer_owned_ipv4_pool": "",
            "domain": "vpc",
            "id": "eipalloc-0387e8ec6a366c587",
            "instance": "",
            "ipam_pool_id": null,
            "network_border_group": "ap-south-1",
            "network_interface": "eni-03b4e4ef7bbeb0450",
            "private_dns": "ip-172-31-1-228.ap-south-1.compute.internal",
            "private_ip": "172.31.1.228",
            "ptr_record": "",
            "public_dns": "ec2-13-204-174-107.ap-south-1.compute.amazonaws.com",
            "public_ip": "13.204.174.107",
            "public_ipv4_pool": "amazon",
            "tags": {
              "Name": "credresolve-nat-eip"
            },
            "tags_all": {
              "Name": "credresolve-nat-eip"
            },
            "timeouts": null,
            "vpc": true
          },
          "sensitive_attributes": [],
          "identity_schema_version": 0,
          "private": "eyJlMmJmYjczMC1lY2FhLTExZTYtOGY4OC0zNDM2M2JjN2M0YzAiOnsiZGVsZXRlIjoxODAwMDAwMDAwMDAsInJlYWQiOjkwMDAwMDAwMDAwMCwidXBkYXRlIjozMDAwMDAwMDAwMDB9fQ=="
        }
      ]
    },
    {
      "mode": "managed",
      "type": "aws_elasticache_replication_group",
      "name": "redis_prod",
      "provider": "provider[\"registry.terraform.io/hashicorp/aws\"]",
      "instances": [
        {
          "schema_version": 2,
          "attributes": {
            "apply_immediately": null,
            "arn": "arn:aws:elasticache:ap-south-1:975894387333:replicationgroup:credresolve-redis-prod",
            "at_rest_encryption_enabled": "true",
            "auth_token": "",
            "auth_token_update_strategy": "ROTATE",
            "auto_minor_version_upgrade": "true",
            "automatic_failover_enabled": false,
            "cluster_enabled": false,
            "cluster_mode": "disabled",
            "configuration_endpoint_address": null,
            "data_tiering_enabled": false,
            "description": "Production Redis - replaces redis-server GCE VM",
            "engine": "redis",
            "engine_version": "7.0",
            "engine_version_actual": "7.0.7",
            "final_snapshot_identifier": null,
            "global_replication_group_id": null,
            "id": "credresolve-redis-prod",
            "ip_discovery": "ipv4",
            "kms_key_id": "",
            "log_delivery_configuration": [],
            "maintenance_window": "fri:23:00-sat:00:00",
            "member_clusters": [
              "credresolve-redis-prod-001"
            ],
            "multi_az_enabled": false,
            "network_type": "ipv4",
            "node_type": "cache.t3.medium",
            "notification_topic_arn": null,
            "num_cache_clusters": 1,
            "num_node_groups": 1,
            "parameter_group_name": "default.redis7",
            "port": 6379,
            "preferred_cache_cluster_azs": null,
            "primary_endpoint_address": "credresolve-redis-prod.tzx96c.ng.0001.aps1.cache.amazonaws.com",
            "reader_endpoint_address": "credresolve-redis-prod-ro.tzx96c.ng.0001.aps1.cache.amazonaws.com",
            "replicas_per_node_group": 0,
            "replication_group_id": "credresolve-redis-prod",
            "security_group_ids": [
              "sg-0984d55bc6559daf6"
            ],
            "security_group_names": [],
            "snapshot_arns": null,
            "snapshot_name": null,
            "snapshot_retention_limit": 0,
            "snapshot_window": "02:00-03:00",
            "subnet_group_name": "credresolve-redis-subnet-group",
            "tags": {
              "Env": "production",
              "Name": "redis-server",
              "Project": "credresolve"
            },
            "tags_all": {
              "Env": "production",
              "Name": "redis-server",
              "Project": "credresolve"
            },
            "timeouts": null,
            "transit_encryption_enabled": false,
            "transit_encryption_mode": "",
            "user_group_ids": null
          },
          "sensitive_attributes": [
            [
              {
                "type": "get_attr",
                "value": "auth_token"
              }
            ]
          ],
          "identity_schema_version": 0,
          "private": "eyJlMmJmYjczMC1lY2FhLTExZTYtOGY4OC0zNDM2M2JjN2M0YzAiOnsiY3JlYXRlIjozNjAwMDAwMDAwMDAwLCJkZWxldGUiOjI3MDAwMDAwMDAwMDAsInVwZGF0ZSI6MjQwMDAwMDAwMDAwMH0sInNjaGVtYV92ZXJzaW9uIjoiMiJ9",
          "dependencies": [
            "aws_elasticache_subnet_group.main",
            "aws_security_group.redis",
            "aws_subnet.private",
            "aws_subnet.private_az2",
            "aws_vpc.main"
          ]
        }
      ]
    },
    {
      "mode": "managed",
      "type": "aws_elasticache_replication_group",
      "name": "redis_stage",
      "provider": "provider[\"registry.terraform.io/hashicorp/aws\"]",
      "instances": [
        {
          "schema_version": 2,
          "attributes": {
            "apply_immediately": null,
            "arn": "arn:aws:elasticache:ap-south-1:975894387333:replicationgroup:credresolve-redis-stage",
            "at_rest_encryption_enabled": "true",
            "auth_token": "",
            "auth_token_update_strategy": "ROTATE",
            "auto_minor_version_upgrade": "true",
            "automatic_failover_enabled": false,
            "cluster_enabled": false,
            "cluster_mode": "disabled",
            "configuration_endpoint_address": null,
            "data_tiering_enabled": false,
            "description": "Stage Redis - replaces redis-server-stage GCE VM",
            "engine": "redis",
            "engine_version": "7.0",
            "engine_version_actual": "7.0.7",
            "final_snapshot_identifier": null,
            "global_replication_group_id": null,
            "id": "credresolve-redis-stage",
            "ip_discovery": "ipv4",
            "kms_key_id": "",
            "log_delivery_configuration": [],
            "maintenance_window": "fri:23:00-sat:00:00",
            "member_clusters": [
              "credresolve-redis-stage-001"
            ],
            "multi_az_enabled": false,
            "network_type": "ipv4",
            "node_type": "cache.t3.micro",
            "notification_topic_arn": null,
            "num_cache_clusters": 1,
            "num_node_groups": 1,
            "parameter_group_name": "default.redis7",
            "port": 6379,
            "preferred_cache_cluster_azs": null,
            "primary_endpoint_address": "credresolve-redis-stage.tzx96c.ng.0001.aps1.cache.amazonaws.com",
            "reader_endpoint_address": "credresolve-redis-stage-ro.tzx96c.ng.0001.aps1.cache.amazonaws.com",
            "replicas_per_node_group": 0,
            "replication_group_id": "credresolve-redis-stage",
            "security_group_ids": [
              "sg-0984d55bc6559daf6"
            ],
            "security_group_names": [],
            "snapshot_arns": null,
            "snapshot_name": null,
            "snapshot_retention_limit": 0,
            "snapshot_window": "01:30-02:30",
            "subnet_group_name": "credresolve-redis-subnet-group",
            "tags": {
              "Env": "staging",
              "Name": "redis-server-stage",
              "Project": "credresolve"
            },
            "tags_all": {
              "Env": "staging",
              "Name": "redis-server-stage",
              "Project": "credresolve"
            },
            "timeouts": null,
            "transit_encryption_enabled": false,
            "transit_encryption_mode": "",
            "user_group_ids": null
          },
          "sensitive_attributes": [
            [
              {
                "type": "get_attr",
                "value": "auth_token"
              }
            ]
          ],
          "identity_schema_version": 0,
          "private": "eyJlMmJmYjczMC1lY2FhLTExZTYtOGY4OC0zNDM2M2JjN2M0YzAiOnsiY3JlYXRlIjozNjAwMDAwMDAwMDAwLCJkZWxldGUiOjI3MDAwMDAwMDAwMDAsInVwZGF0ZSI6MjQwMDAwMDAwMDAwMH0sInNjaGVtYV92ZXJzaW9uIjoiMiJ9",
          "dependencies": [
            "aws_elasticache_subnet_group.main",
            "aws_security_group.redis",
            "aws_subnet.private",
            "aws_subnet.private_az2",
            "aws_vpc.main"
          ]
        }
      ]
    },
    {
      "mode": "managed",
      "type": "aws_elasticache_subnet_group",
      "name": "main",
      "provider": "provider[\"registry.terraform.io/hashicorp/aws\"]",
      "instances": [
        {
          "schema_version": 0,
          "attributes": {
            "arn": "arn:aws:elasticache:ap-south-1:975894387333:subnetgroup:credresolve-redis-subnet-group",
            "description": "Managed by Terraform",
            "id": "credresolve-redis-subnet-group",
            "name": "credresolve-redis-subnet-group",
            "subnet_ids": [
              "subnet-0e090b9b241545327",
              "subnet-0fa1d8bb34a1a7d60"
            ],
            "tags": {
              "Name": "credresolve-redis-subnet-group",
              "Project": "credresolve"
            },
            "tags_all": {
              "Name": "credresolve-redis-subnet-group",
              "Project": "credresolve"
            },
            "vpc_id": "vpc-02905bfe96a3b75ad"
          },
          "sensitive_attributes": [],
          "identity_schema_version": 0,
          "private": "bnVsbA==",
          "dependencies": [
            "aws_subnet.private",
            "aws_subnet.private_az2",
            "aws_vpc.main"
          ]
        }
      ]
    },
    {
      "mode": "managed",
      "type": "aws_glue_catalog_database",
      "name": "analytics",
      "provider": "provider[\"registry.terraform.io/hashicorp/aws\"]",
      "instances": [
        {
          "schema_version": 0,
          "attributes": {
            "arn": "arn:aws:glue:ap-south-1:975894387333:database/credresolve_analytics",
            "catalog_id": "975894387333",
            "create_table_default_permission": [
              {
                "permissions": [
                  "ALL"
                ],
                "principal": [
                  {
                    "data_lake_principal_identifier": "IAM_ALLOWED_PRINCIPALS"
                  }
                ]
              }
            ],
            "description": "Main analytics database - maps to BigQuery analyticsDb",
            "federated_database": [],
            "id": "975894387333:credresolve_analytics",
            "location_uri": "",
            "name": "credresolve_analytics",
            "parameters": {},
            "tags": {},
            "tags_all": {},
            "target_database": []
          },
          "sensitive_attributes": [],
          "identity_schema_version": 0,
          "private": "bnVsbA=="
        }
      ]
    },
    {
      "mode": "managed",
      "type": "aws_glue_catalog_database",
      "name": "caas",
      "provider": "provider[\"registry.terraform.io/hashicorp/aws\"]",
      "instances": [
        {
          "schema_version": 0,
          "attributes": {
            "arn": "arn:aws:glue:ap-south-1:975894387333:database/credresolve_caas",
            "catalog_id": "975894387333",
            "create_table_default_permission": [
              {
                "permissions": [
                  "ALL"
                ],
                "principal": [
                  {
                    "data_lake_principal_identifier": "IAM_ALLOWED_PRINCIPALS"
                  }
                ]
              }
            ],
            "description": "CAAS dataset",
            "federated_database": [],
            "id": "975894387333:credresolve_caas",
            "location_uri": "",
            "name": "credresolve_caas",
            "parameters": {},
            "tags": {},
            "tags_all": {},
            "target_database": []
          },
          "sensitive_attributes": [],
          "identity_schema_version": 0,
          "private": "bnVsbA=="
        }
      ]
    },
    {
      "mode": "managed",
      "type": "aws_glue_catalog_database",
      "name": "cost",
      "provider": "provider[\"registry.terraform.io/hashicorp/aws\"]",
      "instances": [
        {
          "schema_version": 0,
          "attributes": {
            "arn": "arn:aws:glue:ap-south-1:975894387333:database/credresolve_cost",
            "catalog_id": "975894387333",
            "create_table_default_permission": [
              {
                "permissions": [
                  "ALL"
                ],
                "principal": [
                  {
                    "data_lake_principal_identifier": "IAM_ALLOWED_PRINCIPALS"
                  }
                ]
              }
            ],
            "description": "Cost dataset",
            "federated_database": [],
            "id": "975894387333:credresolve_cost",
            "location_uri": "",
            "name": "credresolve_cost",
            "parameters": {},
            "tags": {},
            "tags_all": {},
            "target_database": []
          },
          "sensitive_attributes": [],
          "identity_schema_version": 0,
          "private": "bnVsbA=="
        }
      ]
    },
    {
      "mode": "managed",
      "type": "aws_glue_catalog_database",
      "name": "credresolve_prod",
      "provider": "provider[\"registry.terraform.io/hashicorp/aws\"]",
      "instances": [
        {
          "schema_version": 0,
          "attributes": {
            "arn": "arn:aws:glue:ap-south-1:975894387333:database/credresolve_prod",
            "catalog_id": "975894387333",
            "create_table_default_permission": [
              {
                "permissions": [
                  "ALL"
                ],
                "principal": [
                  {
                    "data_lake_principal_identifier": "IAM_ALLOWED_PRINCIPALS"
                  }
                ]
              }
            ],
            "description": "Production dataset - maps to BigQuery credresolveProd and prod",
            "federated_database": [],
            "id": "975894387333:credresolve_prod",
            "location_uri": "",
            "name": "credresolve_prod",
            "parameters": {},
            "tags": {},
            "tags_all": {},
            "target_database": []
          },
          "sensitive_attributes": [],
          "identity_schema_version": 0,
          "private": "bnVsbA=="
        }
      ]
    },
    {
      "mode": "managed",
      "type": "aws_glue_catalog_database",
      "name": "field_officer",
      "provider": "provider[\"registry.terraform.io/hashicorp/aws\"]",
      "instances": [
        {
          "schema_version": 0,
          "attributes": {
            "arn": "arn:aws:glue:ap-south-1:975894387333:database/credresolve_field_officer",
            "catalog_id": "975894387333",
            "create_table_default_permission": [
              {
                "permissions": [
                  "ALL"
                ],
                "principal": [
                  {
                    "data_lake_principal_identifier": "IAM_ALLOWED_PRINCIPALS"
                  }
                ]
              }
            ],
            "description": "Field officer tower dataset",
            "federated_database": [],
            "id": "975894387333:credresolve_field_officer",
            "location_uri": "",
            "name": "credresolve_field_officer",
            "parameters": {},
            "tags": {},
            "tags_all": {},
            "target_database": []
          },
          "sensitive_attributes": [],
          "identity_schema_version": 0,
          "private": "bnVsbA=="
        }
      ]
    },
    {
      "mode": "managed",
      "type": "aws_glue_catalog_database",
      "name": "saas",
      "provider": "provider[\"registry.terraform.io/hashicorp/aws\"]",
      "instances": [
        {
          "schema_version": 0,
          "attributes": {
            "arn": "arn:aws:glue:ap-south-1:975894387333:database/credresolve_saas",
            "catalog_id": "975894387333",
            "create_table_default_permission": [
              {
                "permissions": [
                  "ALL"
                ],
                "principal": [
                  {
                    "data_lake_principal_identifier": "IAM_ALLOWED_PRINCIPALS"
                  }
                ]
              }
            ],
            "description": "SAAS dataset - maps to BigQuery SAAS",
            "federated_database": [],
            "id": "975894387333:credresolve_saas",
            "location_uri": "",
            "name": "credresolve_saas",
            "parameters": {},
            "tags": {},
            "tags_all": {},
            "target_database": []
          },
          "sensitive_attributes": [],
          "identity_schema_version": 0,
          "private": "bnVsbA=="
        }
      ]
    },
    {
      "mode": "managed",
      "type": "aws_glue_crawler",
      "name": "analytics",
      "provider": "provider[\"registry.terraform.io/hashicorp/aws\"]",
      "instances": [
        {
          "schema_version": 0,
          "attributes": {
            "arn": "arn:aws:glue:ap-south-1:975894387333:crawler/credresolve-analytics-crawler",
            "catalog_target": [],
            "classifiers": null,
            "configuration": "",
            "database_name": "credresolve_analytics",
            "delta_target": [],
            "description": "Crawls S3 analytics data and registers schema for Athena",
            "dynamodb_target": [],
            "hudi_target": [],
            "iceberg_target": [],
            "id": "credresolve-analytics-crawler",
            "jdbc_target": [],
            "lake_formation_configuration": [
              {
                "account_id": "",
                "use_lake_formation_credentials": false
              }
            ],
            "lineage_configuration": [
              {
                "crawler_lineage_settings": "DISABLE"
              }
            ],
            "mongodb_target": [],
            "name": "credresolve-analytics-crawler",
            "recrawl_policy": [
              {
                "recrawl_behavior": "CRAWL_EVERYTHING"
              }
            ],
            "role": "credresolve-glue-crawler-role",
            "s3_target": [
              {
                "connection_name": "",
                "dlq_event_queue_arn": "",
                "event_queue_arn": "",
                "exclusions": null,
                "path": "s3://credresolve-analytics-data/datasets/",
                "sample_size": 0
              }
            ],
            "schedule": "cron(0 2 * * ? *)",
            "schema_change_policy": [
              {
                "delete_behavior": "DEPRECATE_IN_DATABASE",
                "update_behavior": "UPDATE_IN_DATABASE"
              }
            ],
            "security_configuration": "",
            "table_prefix": "",
            "tags": {
              "Project": "credresolve"
            },
            "tags_all": {
              "Project": "credresolve"
            }
          },
          "sensitive_attributes": [],
          "identity_schema_version": 0,
          "private": "bnVsbA==",
          "dependencies": [
            "aws_glue_catalog_database.analytics",
            "aws_iam_role.glue_crawler",
            "aws_s3_bucket.analytics"
          ]
        }
      ]
    },
    {
      "mode": "managed",
      "type": "aws_iam_instance_profile",
      "name": "ec2_ssm",
      "provider": "provider[\"registry.terraform.io/hashicorp/aws\"]",
      "instances": [
        {
          "schema_version": 0,
          "attributes": {
            "arn": "arn:aws:iam::975894387333:instance-profile/credresolve-ec2-ssm-profile",
            "create_date": "2026-03-09T07:56:25Z",
            "id": "credresolve-ec2-ssm-profile",
            "name": "credresolve-ec2-ssm-profile",
            "name_prefix": "",
            "path": "/",
            "role": "credresolve-ec2-ssm-role",
            "tags": {},
            "tags_all": {},
            "unique_id": "AIPA6GN6WTKCWAKOYVCAA"
          },
          "sensitive_attributes": [],
          "identity_schema_version": 0,
          "private": "bnVsbA==",
          "dependencies": [
            "aws_iam_role.ec2_ssm"
          ]
        }
      ]
    },
    {
      "mode": "managed",
      "type": "aws_iam_role",
      "name": "dms",
      "provider": "provider[\"registry.terraform.io/hashicorp/aws\"]",
      "instances": [
        {
          "schema_version": 0,
          "attributes": {
            "arn": "arn:aws:iam::975894387333:role/credresolve-dms-role",
            "assume_role_policy": "{\"Statement\":[{\"Action\":\"sts:AssumeRole\",\"Effect\":\"Allow\",\"Principal\":{\"Service\":\"dms.amazonaws.com\"}}],\"Version\":\"2012-10-17\"}",
            "create_date": "2026-03-09T07:56:23Z",
            "description": "",
            "force_detach_policies": false,
            "id": "credresolve-dms-role",
            "inline_policy": [],
            "managed_policy_arns": [
              "arn:aws:iam::aws:policy/service-role/AmazonDMSCloudWatchLogsRole",
              "arn:aws:iam::aws:policy/service-role/AmazonDMSVPCManagementRole"
            ],
            "max_session_duration": 3600,
            "name": "credresolve-dms-role",
            "name_prefix": "",
            "path": "/",
            "permissions_boundary": "",
            "tags": {},
            "tags_all": {},
            "unique_id": "AROA6GN6WTKC7YA7ZWHRS"
          },
          "sensitive_attributes": [],
          "identity_schema_version": 0,
          "private": "bnVsbA=="
        }
      ]
    },
    {
      "mode": "managed",
      "type": "aws_iam_role",
      "name": "ec2_ssm",
      "provider": "provider[\"registry.terraform.io/hashicorp/aws\"]",
      "instances": [
        {
          "schema_version": 0,
          "attributes": {
            "arn": "arn:aws:iam::975894387333:role/credresolve-ec2-ssm-role",
            "assume_role_policy": "{\"Statement\":[{\"Action\":\"sts:AssumeRole\",\"Effect\":\"Allow\",\"Principal\":{\"Service\":\"ec2.amazonaws.com\"}}],\"Version\":\"2012-10-17\"}",
            "create_date": "2026-03-09T07:56:23Z",
            "description": "",
            "force_detach_policies": false,
            "id": "credresolve-ec2-ssm-role",
            "inline_policy": [],
            "managed_policy_arns": [
              "arn:aws:iam::aws:policy/AmazonSSMManagedInstanceCore"
            ],
            "max_session_duration": 3600,
            "name": "credresolve-ec2-ssm-role",
            "name_prefix": "",
            "path": "/",
            "permissions_boundary": "",
            "tags": {},
            "tags_all": {},
            "unique_id": "AROA6GN6WTKCX25RMJDVA"
          },
          "sensitive_attributes": [],
          "identity_schema_version": 0,
          "private": "bnVsbA=="
        }
      ]
    },
    {
      "mode": "managed",
      "type": "aws_iam_role",
      "name": "glue_crawler",
      "provider": "provider[\"registry.terraform.io/hashicorp/aws\"]",
      "instances": [
        {
          "schema_version": 0,
          "attributes": {
            "arn": "arn:aws:iam::975894387333:role/credresolve-glue-crawler-role",
            "assume_role_policy": "{\"Statement\":[{\"Action\":\"sts:AssumeRole\",\"Effect\":\"Allow\",\"Principal\":{\"Service\":\"glue.amazonaws.com\"}}],\"Version\":\"2012-10-17\"}",
            "create_date": "2026-03-09T07:56:23Z",
            "description": "",
            "force_detach_policies": false,
            "id": "credresolve-glue-crawler-role",
            "inline_policy": [],
            "managed_policy_arns": [
              "arn:aws:iam::aws:policy/service-role/AWSGlueServiceRole"
            ],
            "max_session_duration": 3600,
            "name": "credresolve-glue-crawler-role",
            "name_prefix": "",
            "path": "/",
            "permissions_boundary": "",
            "tags": {},
            "tags_all": {},
            "unique_id": "AROA6GN6WTKC5FWO7QC6A"
          },
          "sensitive_attributes": [],
          "identity_schema_version": 0,
          "private": "bnVsbA=="
        }
      ]
    },
    {
      "mode": "managed",
      "type": "aws_iam_role_policy",
      "name": "dms_s3",
      "provider": "provider[\"registry.terraform.io/hashicorp/aws\"]",
      "instances": [
        {
          "schema_version": 0,
          "attributes": {
            "id": "credresolve-dms-role:dms-s3-access",
            "name": "dms-s3-access",
            "name_prefix": "",
            "policy": "{\"Version\":\"2012-10-17\",\"Statement\":[{\"Action\":[\"s3:PutObject\",\"s3:DeleteObject\",\"s3:ListBucket\",\"s3:GetObject\"],\"Effect\":\"Allow\",\"Resource\":[\"arn:aws:s3:::credresolve-analytics-data\",\"arn:aws:s3:::credresolve-analytics-data/*\"]}]}",
            "role": "credresolve-dms-role"
          },
          "sensitive_attributes": [],
          "identity_schema_version": 0,
          "private": "bnVsbA==",
          "dependencies": [
            "aws_iam_role.dms",
            "aws_s3_bucket.analytics"
          ]
        }
      ]
    },
    {
      "mode": "managed",
      "type": "aws_iam_role_policy",
      "name": "glue_s3_access",
      "provider": "provider[\"registry.terraform.io/hashicorp/aws\"]",
      "instances": [
        {
          "schema_version": 0,
          "attributes": {
            "id": "credresolve-glue-crawler-role:glue-s3-access",
            "name": "glue-s3-access",
            "name_prefix": "",
            "policy": "{\"Version\":\"2012-10-17\",\"Statement\":[{\"Action\":[\"s3:GetObject\",\"s3:PutObject\",\"s3:ListBucket\"],\"Effect\":\"Allow\",\"Resource\":[\"arn:aws:s3:::credresolve-analytics-data\",\"arn:aws:s3:::credresolve-analytics-data/*\"]}]}",
            "role": "credresolve-glue-crawler-role"
          },
          "sensitive_attributes": [],
          "identity_schema_version": 0,
          "private": "bnVsbA==",
          "dependencies": [
            "aws_iam_role.glue_crawler",
            "aws_s3_bucket.analytics"
          ]
        }
      ]
    },
    {
      "mode": "managed",
      "type": "aws_iam_role_policy_attachment",
      "name": "dms_cloudwatch",
      "provider": "provider[\"registry.terraform.io/hashicorp/aws\"]",
      "instances": [
        {
          "schema_version": 0,
          "attributes": {
            "id": "credresolve-dms-role-20260309075624962900000002",
            "policy_arn": "arn:aws:iam::aws:policy/service-role/AmazonDMSCloudWatchLogsRole",
            "role": "credresolve-dms-role"
          },
          "sensitive_attributes": [],
          "identity_schema_version": 0,
          "private": "bnVsbA==",
          "dependencies": [
            "aws_iam_role.dms"
          ]
        }
      ]
    },
    {
      "mode": "managed",
      "type": "aws_iam_role_policy_attachment",
      "name": "dms_vpc",
      "provider": "provider[\"registry.terraform.io/hashicorp/aws\"]",
      "instances": [
        {
          "schema_version": 0,
          "attributes": {
            "id": "credresolve-dms-role-20260309075624887800000001",
            "policy_arn": "arn:aws:iam::aws:policy/service-role/AmazonDMSVPCManagementRole",
            "role": "credresolve-dms-role"
          },
          "sensitive_attributes": [],
          "identity_schema_version": 0,
          "private": "bnVsbA==",
          "dependencies": [
            "aws_iam_role.dms"
          ]
        }
      ]
    },
    {
      "mode": "managed",
      "type": "aws_iam_role_policy_attachment",
      "name": "glue_service",
      "provider": "provider[\"registry.terraform.io/hashicorp/aws\"]",
      "instances": [
        {
          "schema_version": 0,
          "attributes": {
            "id": "credresolve-glue-crawler-role-20260309075625355900000004",
            "policy_arn": "arn:aws:iam::aws:policy/service-role/AWSGlueServiceRole",
            "role": "credresolve-glue-crawler-role"
          },
          "sensitive_attributes": [],
          "identity_schema_version": 0,
          "private": "bnVsbA==",
          "dependencies": [
            "aws_iam_role.glue_crawler"
          ]
        }
      ]
    },
    {
      "mode": "managed",
      "type": "aws_iam_role_policy_attachment",
      "name": "ssm_core",
      "provider": "provider[\"registry.terraform.io/hashicorp/aws\"]",
      "instances": [
        {
          "schema_version": 0,
          "attributes": {
            "id": "credresolve-ec2-ssm-role-20260309075625171900000003",
            "policy_arn": "arn:aws:iam::aws:policy/AmazonSSMManagedInstanceCore",
            "role": "credresolve-ec2-ssm-role"
          },
          "sensitive_attributes": [],
          "identity_schema_version": 0,
          "private": "bnVsbA==",
          "dependencies": [
            "aws_iam_role.ec2_ssm"
          ]
        }
      ]
    },
    {
      "mode": "managed",
      "type": "aws_internet_gateway",
      "name": "igw",
      "provider": "provider[\"registry.terraform.io/hashicorp/aws\"]",
      "instances": [
        {
          "schema_version": 0,
          "attributes": {
            "arn": "arn:aws:ec2:ap-south-1:975894387333:internet-gateway/igw-05add9f90c3f6b3da",
            "id": "igw-05add9f90c3f6b3da",
            "owner_id": "975894387333",
            "tags": {
              "Name": "credresolve-igw",
              "Project": "credresolve"
            },
            "tags_all": {
              "Name": "credresolve-igw",
              "Project": "credresolve"
            },
            "timeouts": null,
            "vpc_id": "vpc-02905bfe96a3b75ad"
          },
          "sensitive_attributes": [],
          "identity_schema_version": 0,
          "private": "eyJlMmJmYjczMC1lY2FhLTExZTYtOGY4OC0zNDM2M2JjN2M0YzAiOnsiY3JlYXRlIjoxMjAwMDAwMDAwMDAwLCJkZWxldGUiOjEyMDAwMDAwMDAwMDAsInVwZGF0ZSI6MTIwMDAwMDAwMDAwMH19",
          "dependencies": [
            "aws_vpc.main"
          ]
        }
      ]
    },
    {
      "mode": "managed",
      "type": "aws_nat_gateway",
      "name": "nat",
      "provider": "provider[\"registry.terraform.io/hashicorp/aws\"]",
      "instances": [
        {
          "schema_version": 0,
          "attributes": {
            "allocation_id": "eipalloc-0387e8ec6a366c587",
            "association_id": "eipassoc-025434f58db9f1f92",
            "connectivity_type": "public",
            "id": "nat-0cd61faf1e3e9888e",
            "network_interface_id": "eni-03b4e4ef7bbeb0450",
            "private_ip": "172.31.1.228",
            "public_ip": "13.204.174.107",
            "secondary_allocation_ids": [],
            "secondary_private_ip_address_count": 0,
            "secondary_private_ip_addresses": [],
            "subnet_id": "subnet-0a42a89b13007230f",
            "tags": {
              "Name": "credresolve-nat",
              "Project": "credresolve"
            },
            "tags_all": {
              "Name": "credresolve-nat",
              "Project": "credresolve"
            },
            "timeouts": null
          },
          "sensitive_attributes": [],
          "identity_schema_version": 0,
          "private": "eyJlMmJmYjczMC1lY2FhLTExZTYtOGY4OC0zNDM2M2JjN2M0YzAiOnsiY3JlYXRlIjo2MDAwMDAwMDAwMDAsImRlbGV0ZSI6MTgwMDAwMDAwMDAwMCwidXBkYXRlIjo2MDAwMDAwMDAwMDB9fQ==",
          "dependencies": [
            "aws_eip.nat",
            "aws_internet_gateway.igw",
            "aws_subnet.public",
            "aws_vpc.main"
          ]
        }
      ]
    },
    {
      "mode": "managed",
      "type": "aws_route_table",
      "name": "private",
      "provider": "provider[\"registry.terraform.io/hashicorp/aws\"]",
      "instances": [
        {
          "schema_version": 0,
          "attributes": {
            "arn": "arn:aws:ec2:ap-south-1:975894387333:route-table/rtb-0c18260f630031c98",
            "id": "rtb-0c18260f630031c98",
            "owner_id": "975894387333",
            "propagating_vgws": [
              "vgw-07171e3d2483628e4"
            ],
            "route": [
              {
                "carrier_gateway_id": "",
                "cidr_block": "0.0.0.0/0",
                "core_network_arn": "",
                "destination_prefix_list_id": "",
                "egress_only_gateway_id": "",
                "gateway_id": "",
                "ipv6_cidr_block": "",
                "local_gateway_id": "",
                "nat_gateway_id": "nat-0cd61faf1e3e9888e",
                "network_interface_id": "",
                "transit_gateway_id": "",
                "vpc_endpoint_id": "",
                "vpc_peering_connection_id": ""
              },
              {
                "carrier_gateway_id": "",
                "cidr_block": "10.1.0.0/16",
                "core_network_arn": "",
                "destination_prefix_list_id": "",
                "egress_only_gateway_id": "",
                "gateway_id": "vgw-07171e3d2483628e4",
                "ipv6_cidr_block": "",
                "local_gateway_id": "",
                "nat_gateway_id": "",
                "network_interface_id": "",
                "transit_gateway_id": "",
                "vpc_endpoint_id": "",
                "vpc_peering_connection_id": ""
              }
            ],
            "tags": {
              "Name": "credresolve-private-rt",
              "Project": "credresolve"
            },
            "tags_all": {
              "Name": "credresolve-private-rt",
              "Project": "credresolve"
            },
            "timeouts": null,
            "vpc_id": "vpc-02905bfe96a3b75ad"
          },
          "sensitive_attributes": [],
          "identity_schema_version": 0,
          "private": "eyJlMmJmYjczMC1lY2FhLTExZTYtOGY4OC0zNDM2M2JjN2M0YzAiOnsiY3JlYXRlIjozMDAwMDAwMDAwMDAsImRlbGV0ZSI6MzAwMDAwMDAwMDAwLCJ1cGRhdGUiOjEyMDAwMDAwMDAwMH19",
          "dependencies": [
            "aws_eip.nat",
            "aws_internet_gateway.igw",
            "aws_nat_gateway.nat",
            "aws_subnet.public",
            "aws_vpc.main",
            "aws_vpn_gateway.vgw"
          ]
        }
      ]
    },
    {
      "mode": "managed",
      "type": "aws_route_table",
      "name": "public",
      "provider": "provider[\"registry.terraform.io/hashicorp/aws\"]",
      "instances": [
        {
          "schema_version": 0,
          "attributes": {
            "arn": "arn:aws:ec2:ap-south-1:975894387333:route-table/rtb-07ea39ed3a2e15a35",
            "id": "rtb-07ea39ed3a2e15a35",
            "owner_id": "975894387333",
            "propagating_vgws": [],
            "route": [
              {
                "carrier_gateway_id": "",
                "cidr_block": "0.0.0.0/0",
                "core_network_arn": "",
                "destination_prefix_list_id": "",
                "egress_only_gateway_id": "",
                "gateway_id": "igw-05add9f90c3f6b3da",
                "ipv6_cidr_block": "",
                "local_gateway_id": "",
                "nat_gateway_id": "",
                "network_interface_id": "",
                "transit_gateway_id": "",
                "vpc_endpoint_id": "",
                "vpc_peering_connection_id": ""
              }
            ],
            "tags": {
              "Name": "credresolve-public-rt",
              "Project": "credresolve"
            },
            "tags_all": {
              "Name": "credresolve-public-rt",
              "Project": "credresolve"
            },
            "timeouts": null,
            "vpc_id": "vpc-02905bfe96a3b75ad"
          },
          "sensitive_attributes": [],
          "identity_schema_version": 0,
          "private": "eyJlMmJmYjczMC1lY2FhLTExZTYtOGY4OC0zNDM2M2JjN2M0YzAiOnsiY3JlYXRlIjozMDAwMDAwMDAwMDAsImRlbGV0ZSI6MzAwMDAwMDAwMDAwLCJ1cGRhdGUiOjEyMDAwMDAwMDAwMH19",
          "dependencies": [
            "aws_internet_gateway.igw",
            "aws_vpc.main"
          ]
        }
      ]
    },
    {
      "mode": "managed",
      "type": "aws_route_table_association",
      "name": "private",
      "provider": "provider[\"registry.terraform.io/hashicorp/aws\"]",
      "instances": [
        {
          "schema_version": 0,
          "attributes": {
            "gateway_id": "",
            "id": "rtbassoc-08d2907e01ee5b970",
            "route_table_id": "rtb-0c18260f630031c98",
            "subnet_id": "subnet-0e090b9b241545327",
            "timeouts": null
          },
          "sensitive_attributes": [],
          "identity_schema_version": 0,
          "private": "eyJlMmJmYjczMC1lY2FhLTExZTYtOGY4OC0zNDM2M2JjN2M0YzAiOnsiY3JlYXRlIjozMDAwMDAwMDAwMDAsImRlbGV0ZSI6MzAwMDAwMDAwMDAwLCJ1cGRhdGUiOjEyMDAwMDAwMDAwMH19",
          "dependencies": [
            "aws_eip.nat",
            "aws_internet_gateway.igw",
            "aws_nat_gateway.nat",
            "aws_route_table.private",
            "aws_subnet.private",
            "aws_subnet.public",
            "aws_vpc.main",
            "aws_vpn_gateway.vgw"
          ]
        }
      ]
    },
    {
      "mode": "managed",
      "type": "aws_route_table_association",
      "name": "private_az2",
      "provider": "provider[\"registry.terraform.io/hashicorp/aws\"]",
      "instances": [
        {
          "schema_version": 0,
          "attributes": {
            "gateway_id": "",
            "id": "rtbassoc-02d9ac2671a38aab3",
            "route_table_id": "rtb-0c18260f630031c98",
            "subnet_id": "subnet-0fa1d8bb34a1a7d60",
            "timeouts": null
          },
          "sensitive_attributes": [],
          "identity_schema_version": 0,
          "private": "eyJlMmJmYjczMC1lY2FhLTExZTYtOGY4OC0zNDM2M2JjN2M0YzAiOnsiY3JlYXRlIjozMDAwMDAwMDAwMDAsImRlbGV0ZSI6MzAwMDAwMDAwMDAwLCJ1cGRhdGUiOjEyMDAwMDAwMDAwMH19",
          "dependencies": [
            "aws_eip.nat",
            "aws_internet_gateway.igw",
            "aws_nat_gateway.nat",
            "aws_route_table.private",
            "aws_subnet.private_az2",
            "aws_subnet.public",
            "aws_vpc.main",
            "aws_vpn_gateway.vgw"
          ]
        }
      ]
    },
    {
      "mode": "managed",
      "type": "aws_route_table_association",
      "name": "public",
      "provider": "provider[\"registry.terraform.io/hashicorp/aws\"]",
      "instances": [
        {
          "schema_version": 0,
          "attributes": {
            "gateway_id": "",
            "id": "rtbassoc-02c393b7d88cdb82f",
            "route_table_id": "rtb-07ea39ed3a2e15a35",
            "subnet_id": "subnet-0a42a89b13007230f",
            "timeouts": null
          },
          "sensitive_attributes": [],
          "identity_schema_version": 0,
          "private": "eyJlMmJmYjczMC1lY2FhLTExZTYtOGY4OC0zNDM2M2JjN2M0YzAiOnsiY3JlYXRlIjozMDAwMDAwMDAwMDAsImRlbGV0ZSI6MzAwMDAwMDAwMDAwLCJ1cGRhdGUiOjEyMDAwMDAwMDAwMH19",
          "dependencies": [
            "aws_internet_gateway.igw",
            "aws_route_table.public",
            "aws_subnet.public",
            "aws_vpc.main"
          ]
        }
      ]
    },
    {
      "mode": "managed",
      "type": "aws_s3_bucket",
      "name": "analytics",
      "provider": "provider[\"registry.terraform.io/hashicorp/aws\"]",
      "instances": [
        {
          "schema_version": 0,
          "attributes": {
            "acceleration_status": "",
            "acl": null,
            "arn": "arn:aws:s3:::credresolve-analytics-data",
            "bucket": "credresolve-analytics-data",
            "bucket_domain_name": "credresolve-analytics-data.s3.amazonaws.com",
            "bucket_prefix": "",
            "bucket_regional_domain_name": "credresolve-analytics-data.s3.ap-south-1.amazonaws.com",
            "cors_rule": [],
            "force_destroy": false,
            "grant": [
              {
                "id": "019688ddb2cb267896eb655f1b8f53bd77dd554ef0cd60f79098555668786e96",
                "permissions": [
                  "FULL_CONTROL"
                ],
                "type": "CanonicalUser",
                "uri": ""
              }
            ],
            "hosted_zone_id": "Z11RGJOFQNVJUP",
            "id": "credresolve-analytics-data",
            "lifecycle_rule": [],
            "logging": [],
            "object_lock_configuration": [],
            "object_lock_enabled": false,
            "policy": "",
            "region": "ap-south-1",
            "replication_configuration": [],
            "request_payer": "BucketOwner",
            "server_side_encryption_configuration": [
              {
                "rule": [
                  {
                    "apply_server_side_encryption_by_default": [
                      {
                        "kms_master_key_id": "",
                        "sse_algorithm": "AES256"
                      }
                    ],
                    "bucket_key_enabled": false
                  }
                ]
              }
            ],
            "tags": {
              "Name": "credresolve-analytics",
              "Project": "credresolve",
              "Purpose": "Data lake - replaces BigQuery"
            },
            "tags_all": {
              "Name": "credresolve-analytics",
              "Project": "credresolve",
              "Purpose": "Data lake - replaces BigQuery"
            },
            "timeouts": null,
            "versioning": [
              {
                "enabled": false,
                "mfa_delete": false
              }
            ],
            "website": [],
            "website_domain": null,
            "website_endpoint": null
          },
          "sensitive_attributes": [],
          "identity_schema_version": 0,
          "private": "eyJlMmJmYjczMC1lY2FhLTExZTYtOGY4OC0zNDM2M2JjN2M0YzAiOnsiY3JlYXRlIjoxMjAwMDAwMDAwMDAwLCJkZWxldGUiOjM2MDAwMDAwMDAwMDAsInJlYWQiOjEyMDAwMDAwMDAwMDAsInVwZGF0ZSI6MTIwMDAwMDAwMDAwMH19"
        }
      ]
    },
    {
      "mode": "managed",
      "type": "aws_s3_bucket",
      "name": "athena_results",
      "provider": "provider[\"registry.terraform.io/hashicorp/aws\"]",
      "instances": [
        {
          "schema_version": 0,
          "attributes": {
            "acceleration_status": "",
            "acl": null,
            "arn": "arn:aws:s3:::credresolve-athena-results",
            "bucket": "credresolve-athena-results",
            "bucket_domain_name": "credresolve-athena-results.s3.amazonaws.com",
            "bucket_prefix": "",
            "bucket_regional_domain_name": "credresolve-athena-results.s3.ap-south-1.amazonaws.com",
            "cors_rule": [],
            "force_destroy": false,
            "grant": [
              {
                "id": "019688ddb2cb267896eb655f1b8f53bd77dd554ef0cd60f79098555668786e96",
                "permissions": [
                  "FULL_CONTROL"
                ],
                "type": "CanonicalUser",
                "uri": ""
              }
            ],
            "hosted_zone_id": "Z11RGJOFQNVJUP",
            "id": "credresolve-athena-results",
            "lifecycle_rule": [
              {
                "abort_incomplete_multipart_upload_days": 0,
                "enabled": true,
                "expiration": [
                  {
                    "date": "",
                    "days": 30,
                    "expired_object_delete_marker": false
                  }
                ],
                "id": "expire-query-results",
                "noncurrent_version_expiration": [],
                "noncurrent_version_transition": [],
                "prefix": "",
                "tags": {},
                "transition": []
              }
            ],
            "logging": [],
            "object_lock_configuration": [],
            "object_lock_enabled": false,
            "policy": "",
            "region": "ap-south-1",
            "replication_configuration": [],
            "request_payer": "BucketOwner",
            "server_side_encryption_configuration": [
              {
                "rule": [
                  {
                    "apply_server_side_encryption_by_default": [
                      {
                        "kms_master_key_id": "",
                        "sse_algorithm": "AES256"
                      }
                    ],
                    "bucket_key_enabled": false
                  }
                ]
              }
            ],
            "tags": {
              "Name": "credresolve-athena-results",
              "Project": "credresolve",
              "Purpose": "Athena query output"
            },
            "tags_all": {
              "Name": "credresolve-athena-results",
              "Project": "credresolve",
              "Purpose": "Athena query output"
            },
            "timeouts": null,
            "versioning": [
              {
                "enabled": false,
                "mfa_delete": false
              }
            ],
            "website": [],
            "website_domain": null,
            "website_endpoint": null
          },
          "sensitive_attributes": [],
          "identity_schema_version": 0,
          "private": "eyJlMmJmYjczMC1lY2FhLTExZTYtOGY4OC0zNDM2M2JjN2M0YzAiOnsiY3JlYXRlIjoxMjAwMDAwMDAwMDAwLCJkZWxldGUiOjM2MDAwMDAwMDAwMDAsInJlYWQiOjEyMDAwMDAwMDAwMDAsInVwZGF0ZSI6MTIwMDAwMDAwMDAwMH19"
        }
      ]
    },
    {
      "mode": "managed",
      "type": "aws_s3_bucket_lifecycle_configuration",
      "name": "athena_results",
      "provider": "provider[\"registry.terraform.io/hashicorp/aws\"]",
      "instances": [
        {
          "schema_version": 1,
          "attributes": {
            "bucket": "credresolve-athena-results",
            "expected_bucket_owner": "",
            "id": "credresolve-athena-results",
            "rule": [
              {
                "abort_incomplete_multipart_upload": [],
                "expiration": [
                  {
                    "date": null,
                    "days": 30,
                    "expired_object_delete_marker": false
                  }
                ],
                "filter": [
                  {
                    "and": [],
                    "object_size_greater_than": null,
                    "object_size_less_than": null,
                    "prefix": "",
                    "tag": []
                  }
                ],
                "id": "expire-query-results",
                "noncurrent_version_expiration": [],
                "noncurrent_version_transition": [],
                "prefix": "",
                "status": "Enabled",
                "transition": []
              }
            ],
            "timeouts": null,
            "transition_default_minimum_object_size": "all_storage_classes_128K"
          },
          "sensitive_attributes": [],
          "identity_schema_version": 0,
          "dependencies": [
            "aws_s3_bucket.athena_results"
          ]
        }
      ]
    },
    {
      "mode": "managed",
      "type": "aws_s3_bucket_public_access_block",
      "name": "analytics",
      "provider": "provider[\"registry.terraform.io/hashicorp/aws\"]",
      "instances": [
        {
          "schema_version": 0,
          "attributes": {
            "block_public_acls": true,
            "block_public_policy": true,
            "bucket": "credresolve-analytics-data",
            "id": "credresolve-analytics-data",
            "ignore_public_acls": true,
            "restrict_public_buckets": true
          },
          "sensitive_attributes": [],
          "identity_schema_version": 0,
          "private": "bnVsbA==",
          "dependencies": [
            "aws_s3_bucket.analytics"
          ]
        }
      ]
    },
    {
      "mode": "managed",
      "type": "aws_s3_bucket_public_access_block",
      "name": "athena_results",
      "provider": "provider[\"registry.terraform.io/hashicorp/aws\"]",
      "instances": [
        {
          "schema_version": 0,
          "attributes": {
            "block_public_acls": true,
            "block_public_policy": true,
            "bucket": "credresolve-athena-results",
            "id": "credresolve-athena-results",
            "ignore_public_acls": true,
            "restrict_public_buckets": true
          },
          "sensitive_attributes": [],
          "identity_schema_version": 0,
          "private": "bnVsbA==",
          "dependencies": [
            "aws_s3_bucket.athena_results"
          ]
        }
      ]
    },
    {
      "mode": "managed",
      "type": "aws_s3_bucket_server_side_encryption_configuration",
      "name": "analytics",
      "provider": "provider[\"registry.terraform.io/hashicorp/aws\"]",
      "instances": [
        {
          "schema_version": 0,
          "attributes": {
            "bucket": "credresolve-analytics-data",
            "expected_bucket_owner": "",
            "id": "credresolve-analytics-data",
            "rule": [
              {
                "apply_server_side_encryption_by_default": [
                  {
                    "kms_master_key_id": "",
                    "sse_algorithm": "AES256"
                  }
                ],
                "bucket_key_enabled": null
              }
            ]
          },
          "sensitive_attributes": [],
          "identity_schema_version": 0,
          "private": "bnVsbA==",
          "dependencies": [
            "aws_s3_bucket.analytics"
          ]
        }
      ]
    },
    {
      "mode": "managed",
      "type": "aws_s3_bucket_server_side_encryption_configuration",
      "name": "athena_results",
      "provider": "provider[\"registry.terraform.io/hashicorp/aws\"]",
      "instances": [
        {
          "schema_version": 0,
          "attributes": {
            "bucket": "credresolve-athena-results",
            "expected_bucket_owner": "",
            "id": "credresolve-athena-results",
            "rule": [
              {
                "apply_server_side_encryption_by_default": [
                  {
                    "kms_master_key_id": "",
                    "sse_algorithm": "AES256"
                  }
                ],
                "bucket_key_enabled": false
              }
            ]
          },
          "sensitive_attributes": [],
          "identity_schema_version": 0,
          "private": "bnVsbA==",
          "dependencies": [
            "aws_s3_bucket.athena_results"
          ]
        }
      ]
    },
    {
      "mode": "managed",
      "type": "aws_s3_bucket_versioning",
      "name": "analytics",
      "provider": "provider[\"registry.terraform.io/hashicorp/aws\"]",
      "instances": [
        {
          "schema_version": 0,
          "attributes": {
            "bucket": "credresolve-analytics-data",
            "expected_bucket_owner": "",
            "id": "credresolve-analytics-data",
            "mfa": null,
            "versioning_configuration": [
              {
                "mfa_delete": "",
                "status": "Enabled"
              }
            ]
          },
          "sensitive_attributes": [],
          "identity_schema_version": 0,
          "private": "bnVsbA==",
          "dependencies": [
            "aws_s3_bucket.analytics"
          ]
        }
      ]
    },
    {
      "mode": "managed",
      "type": "aws_s3_object",
      "name": "folders",
      "provider": "provider[\"registry.terraform.io/hashicorp/aws\"]",
      "instances": [
        {
          "index_key": "datasets/CAAS/",
          "schema_version": 0,
          "attributes": {
            "acl": null,
            "arn": "arn:aws:s3:::credresolve-analytics-data/datasets/CAAS/",
            "bucket": "credresolve-analytics-data",
            "bucket_key_enabled": false,
            "cache_control": "",
            "checksum_algorithm": null,
            "checksum_crc32": "",
            "checksum_crc32c": "",
            "checksum_crc64nvme": "",
            "checksum_sha1": "",
            "checksum_sha256": "",
            "content": "",
            "content_base64": null,
            "content_disposition": "",
            "content_encoding": "",
            "content_language": "",
            "content_type": "application/octet-stream",
            "etag": "d41d8cd98f00b204e9800998ecf8427e",
            "force_destroy": false,
            "id": "datasets/CAAS/",
            "key": "datasets/CAAS/",
            "kms_key_id": null,
            "metadata": null,
            "object_lock_legal_hold_status": "",
            "object_lock_mode": "",
            "object_lock_retain_until_date": "",
            "override_provider": [],
            "server_side_encryption": "AES256",
            "source": null,
            "source_hash": null,
            "storage_class": "STANDARD",
            "tags": null,
            "tags_all": {},
            "version_id": "SYvHuTuyV_ZJt5cbK4vQ9KrWsvAEuQAp",
            "website_redirect": ""
          },
          "sensitive_attributes": [],
          "identity_schema_version": 0,
          "private": "bnVsbA==",
          "dependencies": [
            "aws_s3_bucket.analytics"
          ]
        },
        {
          "index_key": "datasets/DASH/",
          "schema_version": 0,
          "attributes": {
            "acl": null,
            "arn": "arn:aws:s3:::credresolve-analytics-data/datasets/DASH/",
            "bucket": "credresolve-analytics-data",
            "bucket_key_enabled": false,
            "cache_control": "",
            "checksum_algorithm": null,
            "checksum_crc32": "",
            "checksum_crc32c": "",
            "checksum_crc64nvme": "",
            "checksum_sha1": "",
            "checksum_sha256": "",
            "content": "",
            "content_base64": null,
            "content_disposition": "",
            "content_encoding": "",
            "content_language": "",
            "content_type": "application/octet-stream",
            "etag": "d41d8cd98f00b204e9800998ecf8427e",
            "force_destroy": false,
            "id": "datasets/DASH/",
            "key": "datasets/DASH/",
            "kms_key_id": null,
            "metadata": null,
            "object_lock_legal_hold_status": "",
            "object_lock_mode": "",
            "object_lock_retain_until_date": "",
            "override_provider": [],
            "server_side_encryption": "AES256",
            "source": null,
            "source_hash": null,
            "storage_class": "STANDARD",
            "tags": null,
            "tags_all": {},
            "version_id": "WsMhmZw6ouRU4EzxoV4JTUosIy07EabT",
            "website_redirect": ""
          },
          "sensitive_attributes": [],
          "identity_schema_version": 0,
          "private": "bnVsbA==",
          "dependencies": [
            "aws_s3_bucket.analytics"
          ]
        },
        {
          "index_key": "datasets/SAAS/",
          "schema_version": 0,
          "attributes": {
            "acl": null,
            "arn": "arn:aws:s3:::credresolve-analytics-data/datasets/SAAS/",
            "bucket": "credresolve-analytics-data",
            "bucket_key_enabled": false,
            "cache_control": "",
            "checksum_algorithm": null,
            "checksum_crc32": "",
            "checksum_crc32c": "",
            "checksum_crc64nvme": "",
            "checksum_sha1": "",
            "checksum_sha256": "",
            "content": "",
            "content_base64": null,
            "content_disposition": "",
            "content_encoding": "",
            "content_language": "",
            "content_type": "application/octet-stream",
            "etag": "d41d8cd98f00b204e9800998ecf8427e",
            "force_destroy": false,
            "id": "datasets/SAAS/",
            "key": "datasets/SAAS/",
            "kms_key_id": null,
            "metadata": null,
            "object_lock_legal_hold_status": "",
            "object_lock_mode": "",
            "object_lock_retain_until_date": "",
            "override_provider": [],
            "server_side_encryption": "AES256",
            "source": null,
            "source_hash": null,
            "storage_class": "STANDARD",
            "tags": null,
            "tags_all": {},
            "version_id": "0DZZoCJvDhXEDJj2j5MC5aYXOoxeXDdV",
            "website_redirect": ""
          },
          "sensitive_attributes": [],
          "identity_schema_version": 0,
          "private": "bnVsbA==",
          "dependencies": [
            "aws_s3_bucket.analytics"
          ]
        },
        {
          "index_key": "datasets/SAAS_Dashboard/",
          "schema_version": 0,
          "attributes": {
            "acl": null,
            "arn": "arn:aws:s3:::credresolve-analytics-data/datasets/SAAS_Dashboard/",
            "bucket": "credresolve-analytics-data",
            "bucket_key_enabled": false,
            "cache_control": "",
            "checksum_algorithm": null,
            "checksum_crc32": "",
            "checksum_crc32c": "",
            "checksum_crc64nvme": "",
            "checksum_sha1": "",
            "checksum_sha256": "",
            "content": "",
            "content_base64": null,
            "content_disposition": "",
            "content_encoding": "",
            "content_language": "",
            "content_type": "application/octet-stream",
            "etag": "d41d8cd98f00b204e9800998ecf8427e",
            "force_destroy": false,
            "id": "datasets/SAAS_Dashboard/",
            "key": "datasets/SAAS_Dashboard/",
            "kms_key_id": null,
            "metadata": null,
            "object_lock_legal_hold_status": "",
            "object_lock_mode": "",
            "object_lock_retain_until_date": "",
            "override_provider": [],
            "server_side_encryption": "AES256",
            "source": null,
            "source_hash": null,
            "storage_class": "STANDARD",
            "tags": null,
            "tags_all": {},
            "version_id": "GZXmywE2FNXSF5dWykkCSoep612kU0_.",
            "website_redirect": ""
          },
          "sensitive_attributes": [],
          "identity_schema_version": 0,
          "private": "bnVsbA==",
          "dependencies": [
            "aws_s3_bucket.analytics"
          ]
        },
        {
          "index_key": "datasets/SAAS_SMFG/",
          "schema_version": 0,
          "attributes": {
            "acl": null,
            "arn": "arn:aws:s3:::credresolve-analytics-data/datasets/SAAS_SMFG/",
            "bucket": "credresolve-analytics-data",
            "bucket_key_enabled": false,
            "cache_control": "",
            "checksum_algorithm": null,
            "checksum_crc32": "",
            "checksum_crc32c": "",
            "checksum_crc64nvme": "",
            "checksum_sha1": "",
            "checksum_sha256": "",
            "content": "",
            "content_base64": null,
            "content_disposition": "",
            "content_encoding": "",
            "content_language": "",
            "content_type": "application/octet-stream",
            "etag": "d41d8cd98f00b204e9800998ecf8427e",
            "force_destroy": false,
            "id": "datasets/SAAS_SMFG/",
            "key": "datasets/SAAS_SMFG/",
            "kms_key_id": null,
            "metadata": null,
            "object_lock_legal_hold_status": "",
            "object_lock_mode": "",
            "object_lock_retain_until_date": "",
            "override_provider": [],
            "server_side_encryption": "AES256",
            "source": null,
            "source_hash": null,
            "storage_class": "STANDARD",
            "tags": null,
            "tags_all": {},
            "version_id": "AktNZS1UBgvmwEF6VnrI9niLwStL160i",
            "website_redirect": ""
          },
          "sensitive_attributes": [],
          "identity_schema_version": 0,
          "private": "bnVsbA==",
          "dependencies": [
            "aws_s3_bucket.analytics"
          ]
        },
        {
          "index_key": "datasets/SAAS_dashboard_realtime/",
          "schema_version": 0,
          "attributes": {
            "acl": null,
            "arn": "arn:aws:s3:::credresolve-analytics-data/datasets/SAAS_dashboard_realtime/",
            "bucket": "credresolve-analytics-data",
            "bucket_key_enabled": false,
            "cache_control": "",
            "checksum_algorithm": null,
            "checksum_crc32": "",
            "checksum_crc32c": "",
            "checksum_crc64nvme": "",
            "checksum_sha1": "",
            "checksum_sha256": "",
            "content": "",
            "content_base64": null,
            "content_disposition": "",
            "content_encoding": "",
            "content_language": "",
            "content_type": "application/octet-stream",
            "etag": "d41d8cd98f00b204e9800998ecf8427e",
            "force_destroy": false,
            "id": "datasets/SAAS_dashboard_realtime/",
            "key": "datasets/SAAS_dashboard_realtime/",
            "kms_key_id": null,
            "metadata": null,
            "object_lock_legal_hold_status": "",
            "object_lock_mode": "",
            "object_lock_retain_until_date": "",
            "override_provider": [],
            "server_side_encryption": "AES256",
            "source": null,
            "source_hash": null,
            "storage_class": "STANDARD",
            "tags": null,
            "tags_all": {},
            "version_id": "wuh6uvbi45PS74fFxfu77mPmvnq.bt0j",
            "website_redirect": ""
          },
          "sensitive_attributes": [],
          "identity_schema_version": 0,
          "private": "bnVsbA==",
          "dependencies": [
            "aws_s3_bucket.analytics"
          ]
        },
        {
          "index_key": "datasets/analyticsDb/",
          "schema_version": 0,
          "attributes": {
            "acl": null,
            "arn": "arn:aws:s3:::credresolve-analytics-data/datasets/analyticsDb/",
            "bucket": "credresolve-analytics-data",
            "bucket_key_enabled": false,
            "cache_control": "",
            "checksum_algorithm": null,
            "checksum_crc32": "",
            "checksum_crc32c": "",
            "checksum_crc64nvme": "",
            "checksum_sha1": "",
            "checksum_sha256": "",
            "content": "",
            "content_base64": null,
            "content_disposition": "",
            "content_encoding": "",
            "content_language": "",
            "content_type": "application/octet-stream",
            "etag": "d41d8cd98f00b204e9800998ecf8427e",
            "force_destroy": false,
            "id": "datasets/analyticsDb/",
            "key": "datasets/analyticsDb/",
            "kms_key_id": null,
            "metadata": null,
            "object_lock_legal_hold_status": "",
            "object_lock_mode": "",
            "object_lock_retain_until_date": "",
            "override_provider": [],
            "server_side_encryption": "AES256",
            "source": null,
            "source_hash": null,
            "storage_class": "STANDARD",
            "tags": null,
            "tags_all": {},
            "version_id": "",
            "website_redirect": ""
          },
          "sensitive_attributes": [],
          "identity_schema_version": 0,
          "private": "bnVsbA==",
          "dependencies": [
            "aws_s3_bucket.analytics"
          ]
        },
        {
          "index_key": "datasets/cost/",
          "schema_version": 0,
          "attributes": {
            "acl": null,
            "arn": "arn:aws:s3:::credresolve-analytics-data/datasets/cost/",
            "bucket": "credresolve-analytics-data",
            "bucket_key_enabled": false,
            "cache_control": "",
            "checksum_algorithm": null,
            "checksum_crc32": "",
            "checksum_crc32c": "",
            "checksum_crc64nvme": "",
            "checksum_sha1": "",
            "checksum_sha256": "",
            "content": "",
            "content_base64": null,
            "content_disposition": "",
            "content_encoding": "",
            "content_language": "",
            "content_type": "application/octet-stream",
            "etag": "d41d8cd98f00b204e9800998ecf8427e",
            "force_destroy": false,
            "id": "datasets/cost/",
            "key": "datasets/cost/",
            "kms_key_id": null,
            "metadata": null,
            "object_lock_legal_hold_status": "",
            "object_lock_mode": "",
            "object_lock_retain_until_date": "",
            "override_provider": [],
            "server_side_encryption": "AES256",
            "source": null,
            "source_hash": null,
            "storage_class": "STANDARD",
            "tags": null,
            "tags_all": {},
            "version_id": "Nm9MH3t7oG_9E8xy7Z_jiszc8H8oOzYx",
            "website_redirect": ""
          },
          "sensitive_attributes": [],
          "identity_schema_version": 0,
          "private": "bnVsbA==",
          "dependencies": [
            "aws_s3_bucket.analytics"
          ]
        },
        {
          "index_key": "datasets/credresolveProd/",
          "schema_version": 0,
          "attributes": {
            "acl": null,
            "arn": "arn:aws:s3:::credresolve-analytics-data/datasets/credresolveProd/",
            "bucket": "credresolve-analytics-data",
            "bucket_key_enabled": false,
            "cache_control": "",
            "checksum_algorithm": null,
            "checksum_crc32": "",
            "checksum_crc32c": "",
            "checksum_crc64nvme": "",
            "checksum_sha1": "",
            "checksum_sha256": "",
            "content": "",
            "content_base64": null,
            "content_disposition": "",
            "content_encoding": "",
            "content_language": "",
            "content_type": "application/octet-stream",
            "etag": "d41d8cd98f00b204e9800998ecf8427e",
            "force_destroy": false,
            "id": "datasets/credresolveProd/",
            "key": "datasets/credresolveProd/",
            "kms_key_id": null,
            "metadata": null,
            "object_lock_legal_hold_status": "",
            "object_lock_mode": "",
            "object_lock_retain_until_date": "",
            "override_provider": [],
            "server_side_encryption": "AES256",
            "source": null,
            "source_hash": null,
            "storage_class": "STANDARD",
            "tags": null,
            "tags_all": {},
            "version_id": "zqbadNV9C4BpQ_Ckqe8LPVuqHI8lLvzX",
            "website_redirect": ""
          },
          "sensitive_attributes": [],
          "identity_schema_version": 0,
          "private": "bnVsbA==",
          "dependencies": [
            "aws_s3_bucket.analytics"
          ]
        },
        {
          "index_key": "datasets/field_officer_tower/",
          "schema_version": 0,
          "attributes": {
            "acl": null,
            "arn": "arn:aws:s3:::credresolve-analytics-data/datasets/field_officer_tower/",
            "bucket": "credresolve-analytics-data",
            "bucket_key_enabled": false,
            "cache_control": "",
            "checksum_algorithm": null,
            "checksum_crc32": "",
            "checksum_crc32c": "",
            "checksum_crc64nvme": "",
            "checksum_sha1": "",
            "checksum_sha256": "",
            "content": "",
            "content_base64": null,
            "content_disposition": "",
            "content_encoding": "",
            "content_language": "",
            "content_type": "application/octet-stream",
            "etag": "d41d8cd98f00b204e9800998ecf8427e",
            "force_destroy": false,
            "id": "datasets/field_officer_tower/",
            "key": "datasets/field_officer_tower/",
            "kms_key_id": null,
            "metadata": null,
            "object_lock_legal_hold_status": "",
            "object_lock_mode": "",
            "object_lock_retain_until_date": "",
            "override_provider": [],
            "server_side_encryption": "AES256",
            "source": null,
            "source_hash": null,
            "storage_class": "STANDARD",
            "tags": null,
            "tags_all": {},
            "version_id": "3oOvkLYfGk4kjuWufYc4DpcJqf.4bMs6",
            "website_redirect": ""
          },
          "sensitive_attributes": [],
          "identity_schema_version": 0,
          "private": "bnVsbA==",
          "dependencies": [
            "aws_s3_bucket.analytics"
          ]
        },
        {
          "index_key": "datasets/prod/",
          "schema_version": 0,
          "attributes": {
            "acl": null,
            "arn": "arn:aws:s3:::credresolve-analytics-data/datasets/prod/",
            "bucket": "credresolve-analytics-data",
            "bucket_key_enabled": false,
            "cache_control": "",
            "checksum_algorithm": null,
            "checksum_crc32": "",
            "checksum_crc32c": "",
            "checksum_crc64nvme": "",
            "checksum_sha1": "",
            "checksum_sha256": "",
            "content": "",
            "content_base64": null,
            "content_disposition": "",
            "content_encoding": "",
            "content_language": "",
            "content_type": "application/octet-stream",
            "etag": "d41d8cd98f00b204e9800998ecf8427e",
            "force_destroy": false,
            "id": "datasets/prod/",
            "key": "datasets/prod/",
            "kms_key_id": null,
            "metadata": null,
            "object_lock_legal_hold_status": "",
            "object_lock_mode": "",
            "object_lock_retain_until_date": "",
            "override_provider": [],
            "server_side_encryption": "AES256",
            "source": null,
            "source_hash": null,
            "storage_class": "STANDARD",
            "tags": null,
            "tags_all": {},
            "version_id": "8MrWBKcW9aeBxFdTI1GI0YJYFmBCSKew",
            "website_redirect": ""
          },
          "sensitive_attributes": [],
          "identity_schema_version": 0,
          "private": "bnVsbA==",
          "dependencies": [
            "aws_s3_bucket.analytics"
          ]
        },
        {
          "index_key": "datasets/prod_latest/",
          "schema_version": 0,
          "attributes": {
            "acl": null,
            "arn": "arn:aws:s3:::credresolve-analytics-data/datasets/prod_latest/",
            "bucket": "credresolve-analytics-data",
            "bucket_key_enabled": false,
            "cache_control": "",
            "checksum_algorithm": null,
            "checksum_crc32": "",
            "checksum_crc32c": "",
            "checksum_crc64nvme": "",
            "checksum_sha1": "",
            "checksum_sha256": "",
            "content": "",
            "content_base64": null,
            "content_disposition": "",
            "content_encoding": "",
            "content_language": "",
            "content_type": "application/octet-stream",
            "etag": "d41d8cd98f00b204e9800998ecf8427e",
            "force_destroy": false,
            "id": "datasets/prod_latest/",
            "key": "datasets/prod_latest/",
            "kms_key_id": null,
            "metadata": null,
            "object_lock_legal_hold_status": "",
            "object_lock_mode": "",
            "object_lock_retain_until_date": "",
            "override_provider": [],
            "server_side_encryption": "AES256",
            "source": null,
            "source_hash": null,
            "storage_class": "STANDARD",
            "tags": null,
            "tags_all": {},
            "version_id": "II2XArozY1_ehCYdGOdoMSw5mG4VHwoJ",
            "website_redirect": ""
          },
          "sensitive_attributes": [],
          "identity_schema_version": 0,
          "private": "bnVsbA==",
          "dependencies": [
            "aws_s3_bucket.analytics"
          ]
        },
        {
          "index_key": "dms-exports/",
          "schema_version": 0,
          "attributes": {
            "acl": null,
            "arn": "arn:aws:s3:::credresolve-analytics-data/dms-exports/",
            "bucket": "credresolve-analytics-data",
            "bucket_key_enabled": false,
            "cache_control": "",
            "checksum_algorithm": null,
            "checksum_crc32": "",
            "checksum_crc32c": "",
            "checksum_crc64nvme": "",
            "checksum_sha1": "",
            "checksum_sha256": "",
            "content": "",
            "content_base64": null,
            "content_disposition": "",
            "content_encoding": "",
            "content_language": "",
            "content_type": "application/octet-stream",
            "etag": "d41d8cd98f00b204e9800998ecf8427e",
            "force_destroy": false,
            "id": "dms-exports/",
            "key": "dms-exports/",
            "kms_key_id": null,
            "metadata": null,
            "object_lock_legal_hold_status": "",
            "object_lock_mode": "",
            "object_lock_retain_until_date": "",
            "override_provider": [],
            "server_side_encryption": "AES256",
            "source": null,
            "source_hash": null,
            "storage_class": "STANDARD",
            "tags": null,
            "tags_all": {},
            "version_id": "ZTnBAgFEyaRvNlbU_6aG8W5jwZ.rBE8w",
            "website_redirect": ""
          },
          "sensitive_attributes": [],
          "identity_schema_version": 0,
          "private": "bnVsbA==",
          "dependencies": [
            "aws_s3_bucket.analytics"
          ]
        },
        {
          "index_key": "glue-scripts/",
          "schema_version": 0,
          "attributes": {
            "acl": null,
            "arn": "arn:aws:s3:::credresolve-analytics-data/glue-scripts/",
            "bucket": "credresolve-analytics-data",
            "bucket_key_enabled": false,
            "cache_control": "",
            "checksum_algorithm": null,
            "checksum_crc32": "",
            "checksum_crc32c": "",
            "checksum_crc64nvme": "",
            "checksum_sha1": "",
            "checksum_sha256": "",
            "content": "",
            "content_base64": null,
            "content_disposition": "",
            "content_encoding": "",
            "content_language": "",
            "content_type": "application/octet-stream",
            "etag": "d41d8cd98f00b204e9800998ecf8427e",
            "force_destroy": false,
            "id": "glue-scripts/",
            "key": "glue-scripts/",
            "kms_key_id": null,
            "metadata": null,
            "object_lock_legal_hold_status": "",
            "object_lock_mode": "",
            "object_lock_retain_until_date": "",
            "override_provider": [],
            "server_side_encryption": "AES256",
            "source": null,
            "source_hash": null,
            "storage_class": "STANDARD",
            "tags": null,
            "tags_all": {},
            "version_id": "SvHEZovgacTfSUDxZFZ8djI8oAzZll.k",
            "website_redirect": ""
          },
          "sensitive_attributes": [],
          "identity_schema_version": 0,
          "private": "bnVsbA==",
          "dependencies": [
            "aws_s3_bucket.analytics"
          ]
        }
      ]
    },
    {
      "mode": "managed",
      "type": "aws_security_group",
      "name": "dms",
      "provider": "provider[\"registry.terraform.io/hashicorp/aws\"]",
      "instances": [
        {
          "schema_version": 1,
          "attributes": {
            "arn": "arn:aws:ec2:ap-south-1:975894387333:security-group/sg-096ecf137b4336852",
            "description": "DMS replication instance - outbound to GCP and RDS",
            "egress": [
              {
                "cidr_blocks": [
                  "0.0.0.0/0"
                ],
                "description": "DMS service endpoints",
                "from_port": 443,
                "ipv6_cidr_blocks": [],
                "prefix_list_ids": [],
                "protocol": "tcp",
                "security_groups": [],
                "self": false,
                "to_port": 443
              },
              {
                "cidr_blocks": [
                  "10.1.0.0/16"
                ],
                "description": "To GCP PostgreSQL via VPN",
                "from_port": 5432,
                "ipv6_cidr_blocks": [],
                "prefix_list_ids": [],
                "protocol": "tcp",
                "security_groups": [],
                "self": false,
                "to_port": 5432
              },
              {
                "cidr_blocks": [
                  "172.31.0.0/16"
                ],
                "description": "To AWS RDS",
                "from_port": 5432,
                "ipv6_cidr_blocks": [],
                "prefix_list_ids": [],
                "protocol": "tcp",
                "security_groups": [],
                "self": false,
                "to_port": 5432
              }
            ],
            "id": "sg-096ecf137b4336852",
            "ingress": [],
            "name": "credresolve-dms-sg",
            "name_prefix": "",
            "owner_id": "975894387333",
            "revoke_rules_on_delete": false,
            "tags": {
              "Name": "credresolve-dms-sg",
              "Project": "credresolve"
            },
            "tags_all": {
              "Name": "credresolve-dms-sg",
              "Project": "credresolve"
            },
            "timeouts": null,
            "vpc_id": "vpc-02905bfe96a3b75ad"
          },
          "sensitive_attributes": [],
          "identity_schema_version": 0,
          "private": "eyJlMmJmYjczMC1lY2FhLTExZTYtOGY4OC0zNDM2M2JjN2M0YzAiOnsiY3JlYXRlIjo2MDAwMDAwMDAwMDAsImRlbGV0ZSI6OTAwMDAwMDAwMDAwfSwic2NoZW1hX3ZlcnNpb24iOiIxIn0=",
          "dependencies": [
            "aws_vpc.main"
          ]
        }
      ]
    },
    {
      "mode": "managed",
      "type": "aws_security_group",
      "name": "ec2",
      "provider": "provider[\"registry.terraform.io/hashicorp/aws\"]",
      "instances": [
        {
          "schema_version": 1,
          "attributes": {
            "arn": "arn:aws:ec2:ap-south-1:975894387333:security-group/sg-07aef3b065afc9c59",
            "description": "Metabase EC2 - allow port 3000 from VPC, SSH via SSM only",
            "egress": [
              {
                "cidr_blocks": [
                  "0.0.0.0/0"
                ],
                "description": "",
                "from_port": 0,
                "ipv6_cidr_blocks": [],
                "prefix_list_ids": [],
                "protocol": "-1",
                "security_groups": [],
                "self": false,
                "to_port": 0
              }
            ],
            "id": "sg-07aef3b065afc9c59",
            "ingress": [
              {
                "cidr_blocks": [
                  "172.31.0.0/16"
                ],
                "description": "Metabase UI from VPC",
                "from_port": 3000,
                "ipv6_cidr_blocks": [],
                "prefix_list_ids": [],
                "protocol": "tcp",
                "security_groups": [],
                "self": false,
                "to_port": 3000
              }
            ],
            "name": "credresolve-ec2-sg",
            "name_prefix": "",
            "owner_id": "975894387333",
            "revoke_rules_on_delete": false,
            "tags": {
              "Name": "credresolve-ec2-sg",
              "Project": "credresolve"
            },
            "tags_all": {
              "Name": "credresolve-ec2-sg",
              "Project": "credresolve"
            },
            "timeouts": null,
            "vpc_id": "vpc-02905bfe96a3b75ad"
          },
          "sensitive_attributes": [],
          "identity_schema_version": 0,
          "private": "eyJlMmJmYjczMC1lY2FhLTExZTYtOGY4OC0zNDM2M2JjN2M0YzAiOnsiY3JlYXRlIjo2MDAwMDAwMDAwMDAsImRlbGV0ZSI6OTAwMDAwMDAwMDAwfSwic2NoZW1hX3ZlcnNpb24iOiIxIn0=",
          "dependencies": [
            "aws_vpc.main"
          ]
        }
      ]
    },
    {
      "mode": "managed",
      "type": "aws_security_group",
      "name": "rds",
      "provider": "provider[\"registry.terraform.io/hashicorp/aws\"]",
      "instances": [
        {
          "schema_version": 1,
          "attributes": {
            "arn": "arn:aws:ec2:ap-south-1:975894387333:security-group/sg-0425bac384c844fe3",
            "description": "Allow PostgreSQL from within VPC and from GCP via VPN",
            "egress": [
              {
                "cidr_blocks": [
                  "0.0.0.0/0"
                ],
                "description": "",
                "from_port": 0,
                "ipv6_cidr_blocks": [],
                "prefix_list_ids": [],
                "protocol": "-1",
                "security_groups": [],
                "self": false,
                "to_port": 0
              }
            ],
            "id": "sg-0425bac384c844fe3",
            "ingress": [
              {
                "cidr_blocks": [
                  "10.1.0.0/16"
                ],
                "description": "PostgreSQL from GCP VPC via VPN",
                "from_port": 5432,
                "ipv6_cidr_blocks": [],
                "prefix_list_ids": [],
                "protocol": "tcp",
                "security_groups": [],
                "self": false,
                "to_port": 5432
              },
              {
                "cidr_blocks": [
                  "172.31.0.0/16"
                ],
                "description": "PostgreSQL from AWS VPC",
                "from_port": 5432,
                "ipv6_cidr_blocks": [],
                "prefix_list_ids": [],
                "protocol": "tcp",
                "security_groups": [],
                "self": false,
                "to_port": 5432
              }
            ],
            "name": "credresolve-rds-sg",
            "name_prefix": "",
            "owner_id": "975894387333",
            "revoke_rules_on_delete": false,
            "tags": {
              "Name": "credresolve-rds-sg",
              "Project": "credresolve"
            },
            "tags_all": {
              "Name": "credresolve-rds-sg",
              "Project": "credresolve"
            },
            "timeouts": null,
            "vpc_id": "vpc-02905bfe96a3b75ad"
          },
          "sensitive_attributes": [],
          "identity_schema_version": 0,
          "private": "eyJlMmJmYjczMC1lY2FhLTExZTYtOGY4OC0zNDM2M2JjN2M0YzAiOnsiY3JlYXRlIjo2MDAwMDAwMDAwMDAsImRlbGV0ZSI6OTAwMDAwMDAwMDAwfSwic2NoZW1hX3ZlcnNpb24iOiIxIn0=",
          "dependencies": [
            "aws_vpc.main"
          ]
        }
      ]
    },
    {
      "mode": "managed",
      "type": "aws_security_group",
      "name": "redis",
      "provider": "provider[\"registry.terraform.io/hashicorp/aws\"]",
      "instances": [
        {
          "schema_version": 1,
          "attributes": {
            "arn": "arn:aws:ec2:ap-south-1:975894387333:security-group/sg-0984d55bc6559daf6",
            "description": "Allow Redis from within VPC only",
            "egress": [
              {
                "cidr_blocks": [
                  "0.0.0.0/0"
                ],
                "description": "",
                "from_port": 0,
                "ipv6_cidr_blocks": [],
                "prefix_list_ids": [],
                "protocol": "-1",
                "security_groups": [],
                "self": false,
                "to_port": 0
              }
            ],
            "id": "sg-0984d55bc6559daf6",
            "ingress": [
              {
                "cidr_blocks": [
                  "172.31.0.0/16"
                ],
                "description": "Redis from AWS VPC",
                "from_port": 6379,
                "ipv6_cidr_blocks": [],
                "prefix_list_ids": [],
                "protocol": "tcp",
                "security_groups": [],
                "self": false,
                "to_port": 6379
              }
            ],
            "name": "credresolve-redis-sg",
            "name_prefix": "",
            "owner_id": "975894387333",
            "revoke_rules_on_delete": false,
            "tags": {
              "Name": "credresolve-redis-sg",
              "Project": "credresolve"
            },
            "tags_all": {
              "Name": "credresolve-redis-sg",
              "Project": "credresolve"
            },
            "timeouts": null,
            "vpc_id": "vpc-02905bfe96a3b75ad"
          },
          "sensitive_attributes": [],
          "identity_schema_version": 0,
          "private": "eyJlMmJmYjczMC1lY2FhLTExZTYtOGY4OC0zNDM2M2JjN2M0YzAiOnsiY3JlYXRlIjo2MDAwMDAwMDAwMDAsImRlbGV0ZSI6OTAwMDAwMDAwMDAwfSwic2NoZW1hX3ZlcnNpb24iOiIxIn0=",
          "dependencies": [
            "aws_vpc.main"
          ]
        }
      ]
    },
    {
      "mode": "managed",
      "type": "aws_subnet",
      "name": "private",
      "provider": "provider[\"registry.terraform.io/hashicorp/aws\"]",
      "instances": [
        {
          "schema_version": 1,
          "attributes": {
            "arn": "arn:aws:ec2:ap-south-1:975894387333:subnet/subnet-0e090b9b241545327",
            "assign_ipv6_address_on_creation": false,
            "availability_zone": "ap-south-1a",
            "availability_zone_id": "aps1-az1",
            "cidr_block": "172.31.2.0/24",
            "customer_owned_ipv4_pool": "",
            "enable_dns64": false,
            "enable_lni_at_device_index": 0,
            "enable_resource_name_dns_a_record_on_launch": false,
            "enable_resource_name_dns_aaaa_record_on_launch": false,
            "id": "subnet-0e090b9b241545327",
            "ipv6_cidr_block": "",
            "ipv6_cidr_block_association_id": "",
            "ipv6_native": false,
            "map_customer_owned_ip_on_launch": false,
            "map_public_ip_on_launch": false,
            "outpost_arn": "",
            "owner_id": "975894387333",
            "private_dns_hostname_type_on_launch": "ip-name",
            "tags": {
              "Name": "credresolve-private-subnet",
              "Project": "credresolve"
            },
            "tags_all": {
              "Name": "credresolve-private-subnet",
              "Project": "credresolve"
            },
            "timeouts": null,
            "vpc_id": "vpc-02905bfe96a3b75ad"
          },
          "sensitive_attributes": [],
          "identity_schema_version": 0,
          "private": "eyJlMmJmYjczMC1lY2FhLTExZTYtOGY4OC0zNDM2M2JjN2M0YzAiOnsiY3JlYXRlIjo2MDAwMDAwMDAwMDAsImRlbGV0ZSI6MTIwMDAwMDAwMDAwMH0sInNjaGVtYV92ZXJzaW9uIjoiMSJ9",
          "dependencies": [
            "aws_vpc.main"
          ]
        }
      ]
    },
    {
      "mode": "managed",
      "type": "aws_subnet",
      "name": "private_az2",
      "provider": "provider[\"registry.terraform.io/hashicorp/aws\"]",
      "instances": [
        {
          "schema_version": 1,
          "attributes": {
            "arn": "arn:aws:ec2:ap-south-1:975894387333:subnet/subnet-0fa1d8bb34a1a7d60",
            "assign_ipv6_address_on_creation": false,
            "availability_zone": "ap-south-1b",
            "availability_zone_id": "aps1-az3",
            "cidr_block": "172.31.3.0/24",
            "customer_owned_ipv4_pool": "",
            "enable_dns64": false,
            "enable_lni_at_device_index": 0,
            "enable_resource_name_dns_a_record_on_launch": false,
            "enable_resource_name_dns_aaaa_record_on_launch": false,
            "id": "subnet-0fa1d8bb34a1a7d60",
            "ipv6_cidr_block": "",
            "ipv6_cidr_block_association_id": "",
            "ipv6_native": false,
            "map_customer_owned_ip_on_launch": false,
            "map_public_ip_on_launch": false,
            "outpost_arn": "",
            "owner_id": "975894387333",
            "private_dns_hostname_type_on_launch": "ip-name",
            "tags": {
              "Name": "credresolve-private-subnet-az2",
              "Project": "credresolve"
            },
            "tags_all": {
              "Name": "credresolve-private-subnet-az2",
              "Project": "credresolve"
            },
            "timeouts": null,
            "vpc_id": "vpc-02905bfe96a3b75ad"
          },
          "sensitive_attributes": [],
          "identity_schema_version": 0,
          "private": "eyJlMmJmYjczMC1lY2FhLTExZTYtOGY4OC0zNDM2M2JjN2M0YzAiOnsiY3JlYXRlIjo2MDAwMDAwMDAwMDAsImRlbGV0ZSI6MTIwMDAwMDAwMDAwMH0sInNjaGVtYV92ZXJzaW9uIjoiMSJ9",
          "dependencies": [
            "aws_vpc.main"
          ]
        }
      ]
    },
    {
      "mode": "managed",
      "type": "aws_subnet",
      "name": "public",
      "provider": "provider[\"registry.terraform.io/hashicorp/aws\"]",
      "instances": [
        {
          "schema_version": 1,
          "attributes": {
            "arn": "arn:aws:ec2:ap-south-1:975894387333:subnet/subnet-0a42a89b13007230f",
            "assign_ipv6_address_on_creation": false,
            "availability_zone": "ap-south-1a",
            "availability_zone_id": "aps1-az1",
            "cidr_block": "172.31.1.0/24",
            "customer_owned_ipv4_pool": "",
            "enable_dns64": false,
            "enable_lni_at_device_index": 0,
            "enable_resource_name_dns_a_record_on_launch": false,
            "enable_resource_name_dns_aaaa_record_on_launch": false,
            "id": "subnet-0a42a89b13007230f",
            "ipv6_cidr_block": "",
            "ipv6_cidr_block_association_id": "",
            "ipv6_native": false,
            "map_customer_owned_ip_on_launch": false,
            "map_public_ip_on_launch": false,
            "outpost_arn": "",
            "owner_id": "975894387333",
            "private_dns_hostname_type_on_launch": "ip-name",
            "tags": {
              "Name": "credresolve-public-subnet",
              "Project": "credresolve"
            },
            "tags_all": {
              "Name": "credresolve-public-subnet",
              "Project": "credresolve"
            },
            "timeouts": null,
            "vpc_id": "vpc-02905bfe96a3b75ad"
          },
          "sensitive_attributes": [],
          "identity_schema_version": 0,
          "private": "eyJlMmJmYjczMC1lY2FhLTExZTYtOGY4OC0zNDM2M2JjN2M0YzAiOnsiY3JlYXRlIjo2MDAwMDAwMDAwMDAsImRlbGV0ZSI6MTIwMDAwMDAwMDAwMH0sInNjaGVtYV92ZXJzaW9uIjoiMSJ9",
          "dependencies": [
            "aws_vpc.main"
          ]
        }
      ]
    },
    {
      "mode": "managed",
      "type": "aws_vpc",
      "name": "main",
      "provider": "provider[\"registry.terraform.io/hashicorp/aws\"]",
      "instances": [
        {
          "schema_version": 1,
          "attributes": {
            "arn": "arn:aws:ec2:ap-south-1:975894387333:vpc/vpc-02905bfe96a3b75ad",
            "assign_generated_ipv6_cidr_block": false,
            "cidr_block": "172.31.0.0/16",
            "default_network_acl_id": "acl-0ce07ca787c74b6ae",
            "default_route_table_id": "rtb-05a862dffc7c371ea",
            "default_security_group_id": "sg-08eba5b92f461ce0e",
            "dhcp_options_id": "dopt-0ff2c76ad40bf33f5",
            "enable_dns_hostnames": true,
            "enable_dns_support": true,
            "enable_network_address_usage_metrics": false,
            "id": "vpc-02905bfe96a3b75ad",
            "instance_tenancy": "default",
            "ipv4_ipam_pool_id": null,
            "ipv4_netmask_length": null,
            "ipv6_association_id": "",
            "ipv6_cidr_block": "",
            "ipv6_cidr_block_network_border_group": "",
            "ipv6_ipam_pool_id": "",
            "ipv6_netmask_length": 0,
            "main_route_table_id": "rtb-05a862dffc7c371ea",
            "owner_id": "975894387333",
            "tags": {
              "Name": "credresolve-vpc",
              "Project": "credresolve"
            },
            "tags_all": {
              "Name": "credresolve-vpc",
              "Project": "credresolve"
            }
          },
          "sensitive_attributes": [],
          "identity_schema_version": 0,
          "private": "eyJzY2hlbWFfdmVyc2lvbiI6IjEifQ=="
        }
      ]
    },
    {
      "mode": "managed",
      "type": "aws_vpn_gateway",
      "name": "vgw",
      "provider": "provider[\"registry.terraform.io/hashicorp/aws\"]",
      "instances": [
        {
          "schema_version": 0,
          "attributes": {
            "amazon_side_asn": "64512",
            "arn": "arn:aws:ec2:ap-south-1:975894387333:vpn-gateway/vgw-07171e3d2483628e4",
            "availability_zone": null,
            "id": "vgw-07171e3d2483628e4",
            "tags": {
              "Name": "credresolve-vgw",
              "Project": "credresolve"
            },
            "tags_all": {
              "Name": "credresolve-vgw",
              "Project": "credresolve"
            },
            "vpc_id": "vpc-02905bfe96a3b75ad"
          },
          "sensitive_attributes": [],
          "identity_schema_version": 0,
          "private": "bnVsbA==",
          "dependencies": [
            "aws_vpc.main"
          ]
        }
      ]
    },
    {
      "mode": "managed",
      "type": "aws_vpn_gateway_route_propagation",
      "name": "private",
      "provider": "provider[\"registry.terraform.io/hashicorp/aws\"]",
      "instances": [
        {
          "schema_version": 0,
          "attributes": {
            "id": "vgw-07171e3d2483628e4_rtb-0c18260f630031c98",
            "route_table_id": "rtb-0c18260f630031c98",
            "timeouts": null,
            "vpn_gateway_id": "vgw-07171e3d2483628e4"
          },
          "sensitive_attributes": [],
          "identity_schema_version": 0,
          "private": "eyJlMmJmYjczMC1lY2FhLTExZTYtOGY4OC0zNDM2M2JjN2M0YzAiOnsiY3JlYXRlIjoxMjAwMDAwMDAwMDAsImRlbGV0ZSI6MTIwMDAwMDAwMDAwfX0=",
          "dependencies": [
            "aws_eip.nat",
            "aws_internet_gateway.igw",
            "aws_nat_gateway.nat",
            "aws_route_table.private",
            "aws_subnet.public",
            "aws_vpc.main",
            "aws_vpn_gateway.vgw"
          ]
        }
      ]
    }
  ],
  "check_results": null
}
